{
  "version": 4,
  "terraform_version": "1.12.2",
  "serial": 52,
  "lineage": "5d0850b8-08dc-8005-ee09-44b384594549",
  "outputs": {
    "alb_dns": {
      "value": "cloudzenia-alb-188460700.ap-south-1.elb.amazonaws.com",
      "type": "string"
    },
    "microservice_url": {
      "value": "https://microservice.lakshikabatteryworks.store",
      "type": "string"
    },
    "rds_endpoint": {
      "value": "cloudzenia-db.clga2eu4swox.ap-south-1.rds.amazonaws.com",
      "type": "string"
    },
    "wordpress_url": {
      "value": "https://wordpress.lakshikabatteryworks.store",
      "type": "string"
    }
  },
  "resources": [
    {
      "mode": "managed",
      "type": "aws_acm_certificate",
      "name": "main_cert",
      "provider": "provider[\"registry.terraform.io/hashicorp/aws\"]",
      "instances": [
        {
          "schema_version": 0,
          "attributes": {
            "arn": "arn:aws:acm:ap-south-1:122976268417:certificate/997fd6f1-4417-487b-bf0e-74a26d781b87",
            "certificate_authority_arn": "",
            "certificate_body": null,
            "certificate_chain": null,
            "domain_name": "lakshikabatteryworks.store",
            "domain_validation_options": [
              {
                "domain_name": "lakshikabatteryworks.store",
                "resource_record_name": "_c4e2cbcd0095ac4602d76b9e2bc65520.lakshikabatteryworks.store.",
                "resource_record_type": "CNAME",
                "resource_record_value": "_2d9aad45176c91ed3c0e1aa87a3a5ac1.xlfgrmvvlj.acm-validations.aws."
              },
              {
                "domain_name": "microservice.lakshikabatteryworks.store",
                "resource_record_name": "_84d53b1537bab7da5e295ac47be9ffeb.microservice.lakshikabatteryworks.store.",
                "resource_record_type": "CNAME",
                "resource_record_value": "_5004bfc521cd5415f5a2bac7361c0de6.jkddzztszm.acm-validations.aws."
              },
              {
                "domain_name": "wordpress.lakshikabatteryworks.store",
                "resource_record_name": "_89c6a201f9b9a94f80d2859550a1bb5c.wordpress.lakshikabatteryworks.store.",
                "resource_record_type": "CNAME",
                "resource_record_value": "_f232fc1dff53a60f4d7cd0ba7bc40db4.jkddzztszm.acm-validations.aws."
              }
            ],
            "early_renewal_duration": "",
            "id": "arn:aws:acm:ap-south-1:122976268417:certificate/997fd6f1-4417-487b-bf0e-74a26d781b87",
            "key_algorithm": "RSA_2048",
            "not_after": "2026-12-26T23:59:59Z",
            "not_before": "2025-11-27T00:00:00Z",
            "options": [
              {
                "certificate_transparency_logging_preference": "ENABLED",
                "export": "DISABLED"
              }
            ],
            "pending_renewal": false,
            "private_key": null,
            "region": "ap-south-1",
            "renewal_eligibility": "ELIGIBLE",
            "renewal_summary": [],
            "status": "ISSUED",
            "subject_alternative_names": [
              "lakshikabatteryworks.store",
              "microservice.lakshikabatteryworks.store",
              "wordpress.lakshikabatteryworks.store"
            ],
            "tags": {},
            "tags_all": {},
            "type": "AMAZON_ISSUED",
            "validation_emails": [],
            "validation_method": "DNS",
            "validation_option": []
          },
          "sensitive_attributes": [
            [
              {
                "type": "get_attr",
                "value": "private_key"
              }
            ]
          ],
          "identity_schema_version": 0,
          "identity": {
            "arn": "arn:aws:acm:ap-south-1:122976268417:certificate/997fd6f1-4417-487b-bf0e-74a26d781b87"
          },
          "private": "bnVsbA==",
          "create_before_destroy": true
        }
      ]
    },
    {
      "mode": "managed",
      "type": "aws_acm_certificate_validation",
      "name": "cert_validation",
      "provider": "provider[\"registry.terraform.io/hashicorp/aws\"]",
      "instances": [
        {
          "schema_version": 0,
          "attributes": {
            "certificate_arn": "arn:aws:acm:ap-south-1:122976268417:certificate/997fd6f1-4417-487b-bf0e-74a26d781b87",
            "id": "0001-01-01 00:00:00 +0000 UTC",
            "region": "ap-south-1",
            "timeouts": null,
            "validation_record_fqdns": [
              "_84d53b1537bab7da5e295ac47be9ffeb.microservice.lakshikabatteryworks.store",
              "_89c6a201f9b9a94f80d2859550a1bb5c.wordpress.lakshikabatteryworks.store",
              "_c4e2cbcd0095ac4602d76b9e2bc65520.lakshikabatteryworks.store"
            ]
          },
          "sensitive_attributes": [],
          "identity_schema_version": 0,
          "private": "eyJlMmJmYjczMC1lY2FhLTExZTYtOGY4OC0zNDM2M2JjN2M0YzAiOnsiY3JlYXRlIjo0NTAwMDAwMDAwMDAwfX0=",
          "dependencies": [
            "aws_acm_certificate.main_cert",
            "aws_route53_record.acm_validation_records",
            "aws_route53_zone.primary_zone"
          ]
        }
      ]
    },
    {
      "mode": "managed",
      "type": "aws_route53_record",
      "name": "acm_validation_records",
      "provider": "provider[\"registry.terraform.io/hashicorp/aws\"]",
      "instances": [
        {
          "index_key": "lakshikabatteryworks.store",
          "schema_version": 2,
          "attributes": {
            "alias": [],
            "allow_overwrite": null,
            "cidr_routing_policy": [],
            "failover_routing_policy": [],
            "fqdn": "_c4e2cbcd0095ac4602d76b9e2bc65520.lakshikabatteryworks.store",
            "geolocation_routing_policy": [],
            "geoproximity_routing_policy": [],
            "health_check_id": "",
            "id": "Z0334537ZRL2UFCJKNNH__c4e2cbcd0095ac4602d76b9e2bc65520.lakshikabatteryworks.store._CNAME",
            "latency_routing_policy": [],
            "multivalue_answer_routing_policy": false,
            "name": "_c4e2cbcd0095ac4602d76b9e2bc65520.lakshikabatteryworks.store",
            "records": [
              "_2d9aad45176c91ed3c0e1aa87a3a5ac1.xlfgrmvvlj.acm-validations.aws."
            ],
            "set_identifier": "",
            "timeouts": null,
            "ttl": 60,
            "type": "CNAME",
            "weighted_routing_policy": [],
            "zone_id": "Z0334537ZRL2UFCJKNNH"
          },
          "sensitive_attributes": [],
          "identity_schema_version": 0,
          "identity": {
            "account_id": "122976268417",
            "name": "_c4e2cbcd0095ac4602d76b9e2bc65520.lakshikabatteryworks.store",
            "set_identifier": null,
            "type": "CNAME",
            "zone_id": "Z0334537ZRL2UFCJKNNH"
          },
          "private": "eyJlMmJmYjczMC1lY2FhLTExZTYtOGY4OC0zNDM2M2JjN2M0YzAiOnsiY3JlYXRlIjoxODAwMDAwMDAwMDAwLCJkZWxldGUiOjE4MDAwMDAwMDAwMDAsInVwZGF0ZSI6MTgwMDAwMDAwMDAwMH0sInNjaGVtYV92ZXJzaW9uIjoiMiJ9",
          "dependencies": [
            "aws_acm_certificate.main_cert",
            "aws_route53_zone.primary_zone"
          ]
        },
        {
          "index_key": "microservice.lakshikabatteryworks.store",
          "schema_version": 2,
          "attributes": {
            "alias": [],
            "allow_overwrite": null,
            "cidr_routing_policy": [],
            "failover_routing_policy": [],
            "fqdn": "_84d53b1537bab7da5e295ac47be9ffeb.microservice.lakshikabatteryworks.store",
            "geolocation_routing_policy": [],
            "geoproximity_routing_policy": [],
            "health_check_id": "",
            "id": "Z0334537ZRL2UFCJKNNH__84d53b1537bab7da5e295ac47be9ffeb.microservice.lakshikabatteryworks.store._CNAME",
            "latency_routing_policy": [],
            "multivalue_answer_routing_policy": false,
            "name": "_84d53b1537bab7da5e295ac47be9ffeb.microservice.lakshikabatteryworks.store",
            "records": [
              "_5004bfc521cd5415f5a2bac7361c0de6.jkddzztszm.acm-validations.aws."
            ],
            "set_identifier": "",
            "timeouts": null,
            "ttl": 60,
            "type": "CNAME",
            "weighted_routing_policy": [],
            "zone_id": "Z0334537ZRL2UFCJKNNH"
          },
          "sensitive_attributes": [],
          "identity_schema_version": 0,
          "identity": {
            "account_id": "122976268417",
            "name": "_84d53b1537bab7da5e295ac47be9ffeb.microservice.lakshikabatteryworks.store",
            "set_identifier": null,
            "type": "CNAME",
            "zone_id": "Z0334537ZRL2UFCJKNNH"
          },
          "private": "eyJlMmJmYjczMC1lY2FhLTExZTYtOGY4OC0zNDM2M2JjN2M0YzAiOnsiY3JlYXRlIjoxODAwMDAwMDAwMDAwLCJkZWxldGUiOjE4MDAwMDAwMDAwMDAsInVwZGF0ZSI6MTgwMDAwMDAwMDAwMH0sInNjaGVtYV92ZXJzaW9uIjoiMiJ9",
          "dependencies": [
            "aws_acm_certificate.main_cert",
            "aws_route53_zone.primary_zone"
          ]
        },
        {
          "index_key": "wordpress.lakshikabatteryworks.store",
          "schema_version": 2,
          "attributes": {
            "alias": [],
            "allow_overwrite": null,
            "cidr_routing_policy": [],
            "failover_routing_policy": [],
            "fqdn": "_89c6a201f9b9a94f80d2859550a1bb5c.wordpress.lakshikabatteryworks.store",
            "geolocation_routing_policy": [],
            "geoproximity_routing_policy": [],
            "health_check_id": "",
            "id": "Z0334537ZRL2UFCJKNNH__89c6a201f9b9a94f80d2859550a1bb5c.wordpress.lakshikabatteryworks.store._CNAME",
            "latency_routing_policy": [],
            "multivalue_answer_routing_policy": false,
            "name": "_89c6a201f9b9a94f80d2859550a1bb5c.wordpress.lakshikabatteryworks.store",
            "records": [
              "_f232fc1dff53a60f4d7cd0ba7bc40db4.jkddzztszm.acm-validations.aws."
            ],
            "set_identifier": "",
            "timeouts": null,
            "ttl": 60,
            "type": "CNAME",
            "weighted_routing_policy": [],
            "zone_id": "Z0334537ZRL2UFCJKNNH"
          },
          "sensitive_attributes": [],
          "identity_schema_version": 0,
          "identity": {
            "account_id": "122976268417",
            "name": "_89c6a201f9b9a94f80d2859550a1bb5c.wordpress.lakshikabatteryworks.store",
            "set_identifier": null,
            "type": "CNAME",
            "zone_id": "Z0334537ZRL2UFCJKNNH"
          },
          "private": "eyJlMmJmYjczMC1lY2FhLTExZTYtOGY4OC0zNDM2M2JjN2M0YzAiOnsiY3JlYXRlIjoxODAwMDAwMDAwMDAwLCJkZWxldGUiOjE4MDAwMDAwMDAwMDAsInVwZGF0ZSI6MTgwMDAwMDAwMDAwMH0sInNjaGVtYV92ZXJzaW9uIjoiMiJ9",
          "dependencies": [
            "aws_acm_certificate.main_cert",
            "aws_route53_zone.primary_zone"
          ]
        }
      ]
    },
    {
      "mode": "managed",
      "type": "aws_route53_record",
      "name": "microservice_record",
      "provider": "provider[\"registry.terraform.io/hashicorp/aws\"]",
      "instances": [
        {
          "schema_version": 2,
          "attributes": {
            "alias": [
              {
                "evaluate_target_health": false,
                "name": "cloudzenia-alb-188460700.ap-south-1.elb.amazonaws.com",
                "zone_id": "ZP97RAFLXTNZK"
              }
            ],
            "allow_overwrite": null,
            "cidr_routing_policy": [],
            "failover_routing_policy": [],
            "fqdn": "microservice.lakshikabatteryworks.store",
            "geolocation_routing_policy": [],
            "geoproximity_routing_policy": [],
            "health_check_id": "",
            "id": "Z0334537ZRL2UFCJKNNH_microservice.lakshikabatteryworks.store_A",
            "latency_routing_policy": [],
            "multivalue_answer_routing_policy": false,
            "name": "microservice.lakshikabatteryworks.store",
            "records": [],
            "set_identifier": "",
            "timeouts": null,
            "ttl": 0,
            "type": "A",
            "weighted_routing_policy": [],
            "zone_id": "Z0334537ZRL2UFCJKNNH"
          },
          "sensitive_attributes": [],
          "identity_schema_version": 0,
          "identity": {
            "account_id": "122976268417",
            "name": "microservice.lakshikabatteryworks.store",
            "set_identifier": null,
            "type": "A",
            "zone_id": "Z0334537ZRL2UFCJKNNH"
          },
          "private": "eyJlMmJmYjczMC1lY2FhLTExZTYtOGY4OC0zNDM2M2JjN2M0YzAiOnsiY3JlYXRlIjoxODAwMDAwMDAwMDAwLCJkZWxldGUiOjE4MDAwMDAwMDAwMDAsInVwZGF0ZSI6MTgwMDAwMDAwMDAwMH0sInNjaGVtYV92ZXJzaW9uIjoiMiJ9",
          "dependencies": [
            "aws_route53_zone.primary_zone",
            "aws_security_group.alb_sg",
            "module.alb.aws_lb.app_lb",
            "module.vpc.aws_subnet.public",
            "module.vpc.aws_vpc.main"
          ]
        }
      ]
    },
    {
      "mode": "managed",
      "type": "aws_route53_record",
      "name": "wordpress_record",
      "provider": "provider[\"registry.terraform.io/hashicorp/aws\"]",
      "instances": [
        {
          "schema_version": 2,
          "attributes": {
            "alias": [
              {
                "evaluate_target_health": false,
                "name": "cloudzenia-alb-188460700.ap-south-1.elb.amazonaws.com",
                "zone_id": "ZP97RAFLXTNZK"
              }
            ],
            "allow_overwrite": null,
            "cidr_routing_policy": [],
            "failover_routing_policy": [],
            "fqdn": "wordpress.lakshikabatteryworks.store",
            "geolocation_routing_policy": [],
            "geoproximity_routing_policy": [],
            "health_check_id": "",
            "id": "Z0334537ZRL2UFCJKNNH_wordpress.lakshikabatteryworks.store_A",
            "latency_routing_policy": [],
            "multivalue_answer_routing_policy": false,
            "name": "wordpress.lakshikabatteryworks.store",
            "records": [],
            "set_identifier": "",
            "timeouts": null,
            "ttl": 0,
            "type": "A",
            "weighted_routing_policy": [],
            "zone_id": "Z0334537ZRL2UFCJKNNH"
          },
          "sensitive_attributes": [],
          "identity_schema_version": 0,
          "identity": {
            "account_id": "122976268417",
            "name": "wordpress.lakshikabatteryworks.store",
            "set_identifier": null,
            "type": "A",
            "zone_id": "Z0334537ZRL2UFCJKNNH"
          },
          "private": "eyJlMmJmYjczMC1lY2FhLTExZTYtOGY4OC0zNDM2M2JjN2M0YzAiOnsiY3JlYXRlIjoxODAwMDAwMDAwMDAwLCJkZWxldGUiOjE4MDAwMDAwMDAwMDAsInVwZGF0ZSI6MTgwMDAwMDAwMDAwMH0sInNjaGVtYV92ZXJzaW9uIjoiMiJ9",
          "dependencies": [
            "aws_route53_zone.primary_zone",
            "aws_security_group.alb_sg",
            "module.alb.aws_lb.app_lb",
            "module.vpc.aws_subnet.public",
            "module.vpc.aws_vpc.main"
          ]
        }
      ]
    },
    {
      "mode": "managed",
      "type": "aws_route53_zone",
      "name": "primary_zone",
      "provider": "provider[\"registry.terraform.io/hashicorp/aws\"]",
      "instances": [
        {
          "schema_version": 0,
          "attributes": {
            "arn": "arn:aws:route53:::hostedzone/Z0334537ZRL2UFCJKNNH",
            "comment": "Managed by Terraform",
            "delegation_set_id": "",
            "force_destroy": false,
            "id": "Z0334537ZRL2UFCJKNNH",
            "name": "lakshikabatteryworks.store",
            "name_servers": [
              "ns-1051.awsdns-03.org",
              "ns-1580.awsdns-05.co.uk",
              "ns-223.awsdns-27.com",
              "ns-861.awsdns-43.net"
            ],
            "primary_name_server": "ns-223.awsdns-27.com",
            "tags": {},
            "tags_all": {},
            "timeouts": null,
            "vpc": [],
            "zone_id": "Z0334537ZRL2UFCJKNNH"
          },
          "sensitive_attributes": [],
          "identity_schema_version": 0,
          "private": "eyJlMmJmYjczMC1lY2FhLTExZTYtOGY4OC0zNDM2M2JjN2M0YzAiOnsiY3JlYXRlIjoxODAwMDAwMDAwMDAwLCJkZWxldGUiOjE4MDAwMDAwMDAwMDAsInVwZGF0ZSI6MTgwMDAwMDAwMDAwMH19"
        }
      ]
    },
    {
      "mode": "managed",
      "type": "aws_security_group",
      "name": "alb_sg",
      "provider": "provider[\"registry.terraform.io/hashicorp/aws\"]",
      "instances": [
        {
          "schema_version": 1,
          "attributes": {
            "arn": "arn:aws:ec2:ap-south-1:122976268417:security-group/sg-0bba000300517c09f",
            "description": "Managed by Terraform",
            "egress": [
              {
                "cidr_blocks": [
                  "0.0.0.0/0"
                ],
                "description": "",
                "from_port": 0,
                "ipv6_cidr_blocks": [],
                "prefix_list_ids": [],
                "protocol": "-1",
                "security_groups": [],
                "self": false,
                "to_port": 0
              }
            ],
            "id": "sg-0bba000300517c09f",
            "ingress": [
              {
                "cidr_blocks": [
                  "0.0.0.0/0"
                ],
                "description": "",
                "from_port": 443,
                "ipv6_cidr_blocks": [],
                "prefix_list_ids": [],
                "protocol": "tcp",
                "security_groups": [],
                "self": false,
                "to_port": 443
              }
            ],
            "name": "ecs-alb-sg",
            "name_prefix": "",
            "owner_id": "122976268417",
            "region": "ap-south-1",
            "revoke_rules_on_delete": false,
            "tags": {},
            "tags_all": {},
            "timeouts": null,
            "vpc_id": "vpc-02b5852877ebe8806"
          },
          "sensitive_attributes": [],
          "identity_schema_version": 0,
          "identity": {
            "account_id": "122976268417",
            "id": "sg-0bba000300517c09f",
            "region": "ap-south-1"
          },
          "private": "eyJlMmJmYjczMC1lY2FhLTExZTYtOGY4OC0zNDM2M2JjN2M0YzAiOnsiY3JlYXRlIjo2MDAwMDAwMDAwMDAsImRlbGV0ZSI6OTAwMDAwMDAwMDAwfSwic2NoZW1hX3ZlcnNpb24iOiIxIn0=",
          "dependencies": [
            "module.vpc.aws_vpc.main"
          ]
        }
      ]
    },
    {
      "mode": "managed",
      "type": "aws_security_group",
      "name": "ecs_tasks_sg",
      "provider": "provider[\"registry.terraform.io/hashicorp/aws\"]",
      "instances": [
        {
          "schema_version": 1,
          "attributes": {
            "arn": "arn:aws:ec2:ap-south-1:122976268417:security-group/sg-02b0e1c96323133dc",
            "description": "Managed by Terraform",
            "egress": [
              {
                "cidr_blocks": [
                  "0.0.0.0/0"
                ],
                "description": "",
                "from_port": 0,
                "ipv6_cidr_blocks": [],
                "prefix_list_ids": [],
                "protocol": "-1",
                "security_groups": [],
                "self": false,
                "to_port": 0
              }
            ],
            "id": "sg-02b0e1c96323133dc",
            "ingress": [
              {
                "cidr_blocks": [],
                "description": "",
                "from_port": 8080,
                "ipv6_cidr_blocks": [],
                "prefix_list_ids": [],
                "protocol": "tcp",
                "security_groups": [
                  "sg-0bba000300517c09f"
                ],
                "self": false,
                "to_port": 8080
              },
              {
                "cidr_blocks": [],
                "description": "",
                "from_port": 80,
                "ipv6_cidr_blocks": [],
                "prefix_list_ids": [],
                "protocol": "tcp",
                "security_groups": [
                  "sg-0bba000300517c09f"
                ],
                "self": false,
                "to_port": 80
              }
            ],
            "name": "ecs-tasks-sg",
            "name_prefix": "",
            "owner_id": "122976268417",
            "region": "ap-south-1",
            "revoke_rules_on_delete": false,
            "tags": {},
            "tags_all": {},
            "timeouts": null,
            "vpc_id": "vpc-02b5852877ebe8806"
          },
          "sensitive_attributes": [],
          "identity_schema_version": 0,
          "identity": {
            "account_id": "122976268417",
            "id": "sg-02b0e1c96323133dc",
            "region": "ap-south-1"
          },
          "private": "eyJlMmJmYjczMC1lY2FhLTExZTYtOGY4OC0zNDM2M2JjN2M0YzAiOnsiY3JlYXRlIjo2MDAwMDAwMDAwMDAsImRlbGV0ZSI6OTAwMDAwMDAwMDAwfSwic2NoZW1hX3ZlcnNpb24iOiIxIn0=",
          "dependencies": [
            "aws_security_group.alb_sg",
            "module.vpc.aws_vpc.main"
          ]
        }
      ]
    },
    {
      "mode": "managed",
      "type": "aws_security_group",
      "name": "rds_sg",
      "provider": "provider[\"registry.terraform.io/hashicorp/aws\"]",
      "instances": [
        {
          "schema_version": 1,
          "attributes": {
            "arn": "arn:aws:ec2:ap-south-1:122976268417:security-group/sg-07f52ffb754e4e16e",
            "description": "Managed by Terraform",
            "egress": [
              {
                "cidr_blocks": [
                  "0.0.0.0/0"
                ],
                "description": "",
                "from_port": 0,
                "ipv6_cidr_blocks": [],
                "prefix_list_ids": [],
                "protocol": "-1",
                "security_groups": [],
                "self": false,
                "to_port": 0
              }
            ],
            "id": "sg-07f52ffb754e4e16e",
            "ingress": [
              {
                "cidr_blocks": [],
                "description": "",
                "from_port": 3306,
                "ipv6_cidr_blocks": [],
                "prefix_list_ids": [],
                "protocol": "tcp",
                "security_groups": [
                  "sg-02b0e1c96323133dc"
                ],
                "self": false,
                "to_port": 3306
              }
            ],
            "name": "ecs-rds-sg",
            "name_prefix": "",
            "owner_id": "122976268417",
            "region": "ap-south-1",
            "revoke_rules_on_delete": false,
            "tags": {},
            "tags_all": {},
            "timeouts": null,
            "vpc_id": "vpc-02b5852877ebe8806"
          },
          "sensitive_attributes": [],
          "identity_schema_version": 0,
          "identity": {
            "account_id": "122976268417",
            "id": "sg-07f52ffb754e4e16e",
            "region": "ap-south-1"
          },
          "private": "eyJlMmJmYjczMC1lY2FhLTExZTYtOGY4OC0zNDM2M2JjN2M0YzAiOnsiY3JlYXRlIjo2MDAwMDAwMDAwMDAsImRlbGV0ZSI6OTAwMDAwMDAwMDAwfSwic2NoZW1hX3ZlcnNpb24iOiIxIn0=",
          "dependencies": [
            "aws_security_group.alb_sg",
            "aws_security_group.ecs_tasks_sg",
            "module.vpc.aws_vpc.main"
          ]
        }
      ]
    },
    {
      "module": "module.alb",
      "mode": "managed",
      "type": "aws_lb",
      "name": "app_lb",
      "provider": "provider[\"registry.terraform.io/hashicorp/aws\"]",
      "instances": [
        {
          "schema_version": 0,
          "attributes": {
            "access_logs": [
              {
                "bucket": "",
                "enabled": false,
                "prefix": ""
              }
            ],
            "arn": "arn:aws:elasticloadbalancing:ap-south-1:122976268417:loadbalancer/app/cloudzenia-alb/3d437b9a6882e108",
            "arn_suffix": "app/cloudzenia-alb/3d437b9a6882e108",
            "client_keep_alive": 3600,
            "connection_logs": [
              {
                "bucket": "",
                "enabled": false,
                "prefix": ""
              }
            ],
            "customer_owned_ipv4_pool": "",
            "desync_mitigation_mode": "defensive",
            "dns_name": "cloudzenia-alb-188460700.ap-south-1.elb.amazonaws.com",
            "dns_record_client_routing_policy": null,
            "drop_invalid_header_fields": false,
            "enable_cross_zone_load_balancing": true,
            "enable_deletion_protection": false,
            "enable_http2": true,
            "enable_tls_version_and_cipher_suite_headers": false,
            "enable_waf_fail_open": false,
            "enable_xff_client_port": false,
            "enable_zonal_shift": false,
            "enforce_security_group_inbound_rules_on_private_link_traffic": "",
            "id": "arn:aws:elasticloadbalancing:ap-south-1:122976268417:loadbalancer/app/cloudzenia-alb/3d437b9a6882e108",
            "idle_timeout": 60,
            "internal": false,
            "ip_address_type": "ipv4",
            "ipam_pools": [],
            "load_balancer_type": "application",
            "minimum_load_balancer_capacity": [],
            "name": "cloudzenia-alb",
            "name_prefix": "",
            "preserve_host_header": false,
            "region": "ap-south-1",
            "secondary_ips_auto_assigned_per_subnet": null,
            "security_groups": [
              "sg-0bba000300517c09f"
            ],
            "subnet_mapping": [
              {
                "allocation_id": "",
                "ipv6_address": "",
                "outpost_id": "",
                "private_ipv4_address": "",
                "subnet_id": "subnet-0ac7d77b7166655cf"
              },
              {
                "allocation_id": "",
                "ipv6_address": "",
                "outpost_id": "",
                "private_ipv4_address": "",
                "subnet_id": "subnet-0bb92e8de287e51a5"
              }
            ],
            "subnets": [
              "subnet-0ac7d77b7166655cf",
              "subnet-0bb92e8de287e51a5"
            ],
            "tags": {
              "Name": "cloudzenia-alb"
            },
            "tags_all": {
              "Name": "cloudzenia-alb"
            },
            "timeouts": null,
            "vpc_id": "vpc-02b5852877ebe8806",
            "xff_header_processing_mode": "append",
            "zone_id": "ZP97RAFLXTNZK"
          },
          "sensitive_attributes": [],
          "identity_schema_version": 0,
          "identity": {
            "arn": "arn:aws:elasticloadbalancing:ap-south-1:122976268417:loadbalancer/app/cloudzenia-alb/3d437b9a6882e108"
          },
          "private": "eyJlMmJmYjczMC1lY2FhLTExZTYtOGY4OC0zNDM2M2JjN2M0YzAiOnsiY3JlYXRlIjo2MDAwMDAwMDAwMDAsImRlbGV0ZSI6NjAwMDAwMDAwMDAwLCJ1cGRhdGUiOjYwMDAwMDAwMDAwMH19",
          "dependencies": [
            "aws_security_group.alb_sg",
            "module.vpc.aws_subnet.public",
            "module.vpc.aws_vpc.main"
          ]
        }
      ]
    },
    {
      "module": "module.alb",
      "mode": "managed",
      "type": "aws_lb_listener",
      "name": "http_redirect",
      "provider": "provider[\"registry.terraform.io/hashicorp/aws\"]",
      "instances": [
        {
          "schema_version": 0,
          "attributes": {
            "alpn_policy": null,
            "arn": "arn:aws:elasticloadbalancing:ap-south-1:122976268417:listener/app/cloudzenia-alb/3d437b9a6882e108/041c5371a02d4b5c",
            "certificate_arn": null,
            "default_action": [
              {
                "authenticate_cognito": [],
                "authenticate_oidc": [],
                "fixed_response": [],
                "forward": [],
                "jwt_validation": [],
                "order": 1,
                "redirect": [
                  {
                    "host": "#{host}",
                    "path": "/#{path}",
                    "port": "443",
                    "protocol": "HTTPS",
                    "query": "#{query}",
                    "status_code": "HTTP_301"
                  }
                ],
                "target_group_arn": "",
                "type": "redirect"
              }
            ],
            "id": "arn:aws:elasticloadbalancing:ap-south-1:122976268417:listener/app/cloudzenia-alb/3d437b9a6882e108/041c5371a02d4b5c",
            "load_balancer_arn": "arn:aws:elasticloadbalancing:ap-south-1:122976268417:loadbalancer/app/cloudzenia-alb/3d437b9a6882e108",
            "mutual_authentication": [],
            "port": 80,
            "protocol": "HTTP",
            "region": "ap-south-1",
            "routing_http_request_x_amzn_mtls_clientcert_header_name": null,
            "routing_http_request_x_amzn_mtls_clientcert_issuer_header_name": null,
            "routing_http_request_x_amzn_mtls_clientcert_leaf_header_name": null,
            "routing_http_request_x_amzn_mtls_clientcert_serial_number_header_name": null,
            "routing_http_request_x_amzn_mtls_clientcert_subject_header_name": null,
            "routing_http_request_x_amzn_mtls_clientcert_validity_header_name": null,
            "routing_http_request_x_amzn_tls_cipher_suite_header_name": null,
            "routing_http_request_x_amzn_tls_version_header_name": null,
            "routing_http_response_access_control_allow_credentials_header_value": "",
            "routing_http_response_access_control_allow_headers_header_value": "",
            "routing_http_response_access_control_allow_methods_header_value": "",
            "routing_http_response_access_control_allow_origin_header_value": "",
            "routing_http_response_access_control_expose_headers_header_value": "",
            "routing_http_response_access_control_max_age_header_value": "",
            "routing_http_response_content_security_policy_header_value": "",
            "routing_http_response_server_enabled": true,
            "routing_http_response_strict_transport_security_header_value": "",
            "routing_http_response_x_content_type_options_header_value": "",
            "routing_http_response_x_frame_options_header_value": "",
            "ssl_policy": "",
            "tags": {},
            "tags_all": {},
            "tcp_idle_timeout_seconds": null,
            "timeouts": null
          },
          "sensitive_attributes": [],
          "identity_schema_version": 0,
          "identity": {
            "arn": "arn:aws:elasticloadbalancing:ap-south-1:122976268417:listener/app/cloudzenia-alb/3d437b9a6882e108/041c5371a02d4b5c"
          },
          "private": "eyJlMmJmYjczMC1lY2FhLTExZTYtOGY4OC0zNDM2M2JjN2M0YzAiOnsiY3JlYXRlIjozMDAwMDAwMDAwMDAsInVwZGF0ZSI6MzAwMDAwMDAwMDAwfX0=",
          "dependencies": [
            "aws_security_group.alb_sg",
            "module.alb.aws_lb.app_lb",
            "module.vpc.aws_subnet.public",
            "module.vpc.aws_vpc.main"
          ]
        }
      ]
    },
    {
      "module": "module.alb",
      "mode": "managed",
      "type": "aws_lb_listener",
      "name": "https_listener",
      "provider": "provider[\"registry.terraform.io/hashicorp/aws\"]",
      "instances": [
        {
          "schema_version": 0,
          "attributes": {
            "alpn_policy": null,
            "arn": "arn:aws:elasticloadbalancing:ap-south-1:122976268417:listener/app/cloudzenia-alb/3d437b9a6882e108/6b8e4aac7213756a",
            "certificate_arn": "arn:aws:acm:ap-south-1:122976268417:certificate/997fd6f1-4417-487b-bf0e-74a26d781b87",
            "default_action": [
              {
                "authenticate_cognito": [],
                "authenticate_oidc": [],
                "fixed_response": [],
                "forward": [],
                "jwt_validation": [],
                "order": 1,
                "redirect": [],
                "target_group_arn": "arn:aws:elasticloadbalancing:ap-south-1:122976268417:targetgroup/cloudzenia-wp-tg/271091de21787a11",
                "type": "forward"
              }
            ],
            "id": "arn:aws:elasticloadbalancing:ap-south-1:122976268417:listener/app/cloudzenia-alb/3d437b9a6882e108/6b8e4aac7213756a",
            "load_balancer_arn": "arn:aws:elasticloadbalancing:ap-south-1:122976268417:loadbalancer/app/cloudzenia-alb/3d437b9a6882e108",
            "mutual_authentication": [
              {
                "advertise_trust_store_ca_names": "",
                "ignore_client_certificate_expiry": false,
                "mode": "off",
                "trust_store_arn": ""
              }
            ],
            "port": 443,
            "protocol": "HTTPS",
            "region": "ap-south-1",
            "routing_http_request_x_amzn_mtls_clientcert_header_name": "",
            "routing_http_request_x_amzn_mtls_clientcert_issuer_header_name": "",
            "routing_http_request_x_amzn_mtls_clientcert_leaf_header_name": "",
            "routing_http_request_x_amzn_mtls_clientcert_serial_number_header_name": "",
            "routing_http_request_x_amzn_mtls_clientcert_subject_header_name": "",
            "routing_http_request_x_amzn_mtls_clientcert_validity_header_name": "",
            "routing_http_request_x_amzn_tls_cipher_suite_header_name": "",
            "routing_http_request_x_amzn_tls_version_header_name": "",
            "routing_http_response_access_control_allow_credentials_header_value": "",
            "routing_http_response_access_control_allow_headers_header_value": "",
            "routing_http_response_access_control_allow_methods_header_value": "",
            "routing_http_response_access_control_allow_origin_header_value": "",
            "routing_http_response_access_control_expose_headers_header_value": "",
            "routing_http_response_access_control_max_age_header_value": "",
            "routing_http_response_content_security_policy_header_value": "",
            "routing_http_response_server_enabled": true,
            "routing_http_response_strict_transport_security_header_value": "",
            "routing_http_response_x_content_type_options_header_value": "",
            "routing_http_response_x_frame_options_header_value": "",
            "ssl_policy": "ELBSecurityPolicy-2016-08",
            "tags": {},
            "tags_all": {},
            "tcp_idle_timeout_seconds": null,
            "timeouts": null
          },
          "sensitive_attributes": [],
          "identity_schema_version": 0,
          "identity": {
            "arn": "arn:aws:elasticloadbalancing:ap-south-1:122976268417:listener/app/cloudzenia-alb/3d437b9a6882e108/6b8e4aac7213756a"
          },
          "private": "eyJlMmJmYjczMC1lY2FhLTExZTYtOGY4OC0zNDM2M2JjN2M0YzAiOnsiY3JlYXRlIjozMDAwMDAwMDAwMDAsInVwZGF0ZSI6MzAwMDAwMDAwMDAwfX0=",
          "dependencies": [
            "aws_acm_certificate.main_cert",
            "aws_acm_certificate_validation.cert_validation",
            "aws_route53_record.acm_validation_records",
            "aws_route53_zone.primary_zone",
            "aws_security_group.alb_sg",
            "module.alb.aws_lb.app_lb",
            "module.alb.aws_lb_target_group.wordpress_tg",
            "module.vpc.aws_subnet.public",
            "module.vpc.aws_vpc.main"
          ]
        }
      ]
    },
    {
      "module": "module.alb",
      "mode": "managed",
      "type": "aws_lb_listener_rule",
      "name": "microservice_rule",
      "provider": "provider[\"registry.terraform.io/hashicorp/aws\"]",
      "instances": [
        {
          "schema_version": 0,
          "attributes": {
            "action": [
              {
                "authenticate_cognito": [],
                "authenticate_oidc": [],
                "fixed_response": [],
                "forward": [],
                "jwt_validation": [],
                "order": 1,
                "redirect": [],
                "target_group_arn": "arn:aws:elasticloadbalancing:ap-south-1:122976268417:targetgroup/cloudzenia-micro-tg/aa274fb079531be0",
                "type": "forward"
              }
            ],
            "arn": "arn:aws:elasticloadbalancing:ap-south-1:122976268417:listener-rule/app/cloudzenia-alb/3d437b9a6882e108/6b8e4aac7213756a/3042352a83942d7b",
            "condition": [
              {
                "host_header": [
                  {
                    "regex_values": [],
                    "values": [
                      "microservice.lakshikabatteryworks.store"
                    ]
                  }
                ],
                "http_header": [],
                "http_request_method": [],
                "path_pattern": [],
                "query_string": [],
                "source_ip": []
              }
            ],
            "id": "arn:aws:elasticloadbalancing:ap-south-1:122976268417:listener-rule/app/cloudzenia-alb/3d437b9a6882e108/6b8e4aac7213756a/3042352a83942d7b",
            "listener_arn": "arn:aws:elasticloadbalancing:ap-south-1:122976268417:listener/app/cloudzenia-alb/3d437b9a6882e108/6b8e4aac7213756a",
            "priority": 20,
            "region": "ap-south-1",
            "tags": {},
            "tags_all": {},
            "transform": []
          },
          "sensitive_attributes": [],
          "identity_schema_version": 0,
          "identity": {
            "arn": "arn:aws:elasticloadbalancing:ap-south-1:122976268417:listener-rule/app/cloudzenia-alb/3d437b9a6882e108/6b8e4aac7213756a/3042352a83942d7b"
          },
          "private": "bnVsbA==",
          "dependencies": [
            "aws_acm_certificate.main_cert",
            "aws_acm_certificate_validation.cert_validation",
            "aws_route53_record.acm_validation_records",
            "aws_route53_zone.primary_zone",
            "aws_security_group.alb_sg",
            "module.alb.aws_lb.app_lb",
            "module.alb.aws_lb_listener.https_listener",
            "module.alb.aws_lb_target_group.microservice_tg",
            "module.alb.aws_lb_target_group.wordpress_tg",
            "module.vpc.aws_subnet.public",
            "module.vpc.aws_vpc.main"
          ]
        }
      ]
    },
    {
      "module": "module.alb",
      "mode": "managed",
      "type": "aws_lb_listener_rule",
      "name": "wordpress_rule",
      "provider": "provider[\"registry.terraform.io/hashicorp/aws\"]",
      "instances": [
        {
          "schema_version": 0,
          "attributes": {
            "action": [
              {
                "authenticate_cognito": [],
                "authenticate_oidc": [],
                "fixed_response": [],
                "forward": [],
                "jwt_validation": [],
                "order": 1,
                "redirect": [],
                "target_group_arn": "arn:aws:elasticloadbalancing:ap-south-1:122976268417:targetgroup/cloudzenia-wp-tg/271091de21787a11",
                "type": "forward"
              }
            ],
            "arn": "arn:aws:elasticloadbalancing:ap-south-1:122976268417:listener-rule/app/cloudzenia-alb/3d437b9a6882e108/6b8e4aac7213756a/9815626d0997d383",
            "condition": [
              {
                "host_header": [
                  {
                    "regex_values": [],
                    "values": [
                      "wordpress.lakshikabatteryworks.store"
                    ]
                  }
                ],
                "http_header": [],
                "http_request_method": [],
                "path_pattern": [],
                "query_string": [],
                "source_ip": []
              }
            ],
            "id": "arn:aws:elasticloadbalancing:ap-south-1:122976268417:listener-rule/app/cloudzenia-alb/3d437b9a6882e108/6b8e4aac7213756a/9815626d0997d383",
            "listener_arn": "arn:aws:elasticloadbalancing:ap-south-1:122976268417:listener/app/cloudzenia-alb/3d437b9a6882e108/6b8e4aac7213756a",
            "priority": 10,
            "region": "ap-south-1",
            "tags": {},
            "tags_all": {},
            "transform": []
          },
          "sensitive_attributes": [],
          "identity_schema_version": 0,
          "identity": {
            "arn": "arn:aws:elasticloadbalancing:ap-south-1:122976268417:listener-rule/app/cloudzenia-alb/3d437b9a6882e108/6b8e4aac7213756a/9815626d0997d383"
          },
          "private": "bnVsbA==",
          "dependencies": [
            "aws_acm_certificate.main_cert",
            "aws_acm_certificate_validation.cert_validation",
            "aws_route53_record.acm_validation_records",
            "aws_route53_zone.primary_zone",
            "aws_security_group.alb_sg",
            "module.alb.aws_lb.app_lb",
            "module.alb.aws_lb_listener.https_listener",
            "module.alb.aws_lb_target_group.wordpress_tg",
            "module.vpc.aws_subnet.public",
            "module.vpc.aws_vpc.main"
          ]
        }
      ]
    },
    {
      "module": "module.alb",
      "mode": "managed",
      "type": "aws_lb_target_group",
      "name": "microservice_tg",
      "provider": "provider[\"registry.terraform.io/hashicorp/aws\"]",
      "instances": [
        {
          "schema_version": 0,
          "attributes": {
            "arn": "arn:aws:elasticloadbalancing:ap-south-1:122976268417:targetgroup/cloudzenia-micro-tg/aa274fb079531be0",
            "arn_suffix": "targetgroup/cloudzenia-micro-tg/aa274fb079531be0",
            "connection_termination": null,
            "deregistration_delay": "300",
            "health_check": [
              {
                "enabled": true,
                "healthy_threshold": 3,
                "interval": 30,
                "matcher": "200-399",
                "path": "/",
                "port": "traffic-port",
                "protocol": "HTTP",
                "timeout": 5,
                "unhealthy_threshold": 3
              }
            ],
            "id": "arn:aws:elasticloadbalancing:ap-south-1:122976268417:targetgroup/cloudzenia-micro-tg/aa274fb079531be0",
            "ip_address_type": "ipv4",
            "lambda_multi_value_headers_enabled": false,
            "load_balancer_arns": [
              "arn:aws:elasticloadbalancing:ap-south-1:122976268417:loadbalancer/app/cloudzenia-alb/3d437b9a6882e108"
            ],
            "load_balancing_algorithm_type": "round_robin",
            "load_balancing_anomaly_mitigation": "off",
            "load_balancing_cross_zone_enabled": "use_load_balancer_configuration",
            "name": "cloudzenia-micro-tg",
            "name_prefix": "",
            "port": 8080,
            "preserve_client_ip": null,
            "protocol": "HTTP",
            "protocol_version": "HTTP1",
            "proxy_protocol_v2": false,
            "region": "ap-south-1",
            "slow_start": 0,
            "stickiness": [
              {
                "cookie_duration": 86400,
                "cookie_name": "",
                "enabled": false,
                "type": "lb_cookie"
              }
            ],
            "tags": {},
            "tags_all": {},
            "target_failover": [
              {
                "on_deregistration": null,
                "on_unhealthy": null
              }
            ],
            "target_group_health": [
              {
                "dns_failover": [
                  {
                    "minimum_healthy_targets_count": "1",
                    "minimum_healthy_targets_percentage": "off"
                  }
                ],
                "unhealthy_state_routing": [
                  {
                    "minimum_healthy_targets_count": 1,
                    "minimum_healthy_targets_percentage": "off"
                  }
                ]
              }
            ],
            "target_health_state": [
              {
                "enable_unhealthy_connection_termination": null,
                "unhealthy_draining_interval": null
              }
            ],
            "target_type": "ip",
            "vpc_id": "vpc-02b5852877ebe8806"
          },
          "sensitive_attributes": [],
          "identity_schema_version": 0,
          "identity": {
            "arn": "arn:aws:elasticloadbalancing:ap-south-1:122976268417:targetgroup/cloudzenia-micro-tg/aa274fb079531be0"
          },
          "private": "bnVsbA==",
          "dependencies": [
            "module.vpc.aws_vpc.main"
          ]
        }
      ]
    },
    {
      "module": "module.alb",
      "mode": "managed",
      "type": "aws_lb_target_group",
      "name": "wordpress_tg",
      "provider": "provider[\"registry.terraform.io/hashicorp/aws\"]",
      "instances": [
        {
          "schema_version": 0,
          "attributes": {
            "arn": "arn:aws:elasticloadbalancing:ap-south-1:122976268417:targetgroup/cloudzenia-wp-tg/271091de21787a11",
            "arn_suffix": "targetgroup/cloudzenia-wp-tg/271091de21787a11",
            "connection_termination": null,
            "deregistration_delay": "300",
            "health_check": [
              {
                "enabled": true,
                "healthy_threshold": 3,
                "interval": 30,
                "matcher": "200-399",
                "path": "/",
                "port": "traffic-port",
                "protocol": "HTTP",
                "timeout": 5,
                "unhealthy_threshold": 3
              }
            ],
            "id": "arn:aws:elasticloadbalancing:ap-south-1:122976268417:targetgroup/cloudzenia-wp-tg/271091de21787a11",
            "ip_address_type": "ipv4",
            "lambda_multi_value_headers_enabled": false,
            "load_balancer_arns": [
              "arn:aws:elasticloadbalancing:ap-south-1:122976268417:loadbalancer/app/cloudzenia-alb/3d437b9a6882e108"
            ],
            "load_balancing_algorithm_type": "round_robin",
            "load_balancing_anomaly_mitigation": "off",
            "load_balancing_cross_zone_enabled": "use_load_balancer_configuration",
            "name": "cloudzenia-wp-tg",
            "name_prefix": "",
            "port": 80,
            "preserve_client_ip": null,
            "protocol": "HTTP",
            "protocol_version": "HTTP1",
            "proxy_protocol_v2": false,
            "region": "ap-south-1",
            "slow_start": 0,
            "stickiness": [
              {
                "cookie_duration": 86400,
                "cookie_name": "",
                "enabled": false,
                "type": "lb_cookie"
              }
            ],
            "tags": {},
            "tags_all": {},
            "target_failover": [
              {
                "on_deregistration": null,
                "on_unhealthy": null
              }
            ],
            "target_group_health": [
              {
                "dns_failover": [
                  {
                    "minimum_healthy_targets_count": "1",
                    "minimum_healthy_targets_percentage": "off"
                  }
                ],
                "unhealthy_state_routing": [
                  {
                    "minimum_healthy_targets_count": 1,
                    "minimum_healthy_targets_percentage": "off"
                  }
                ]
              }
            ],
            "target_health_state": [
              {
                "enable_unhealthy_connection_termination": null,
                "unhealthy_draining_interval": null
              }
            ],
            "target_type": "ip",
            "vpc_id": "vpc-02b5852877ebe8806"
          },
          "sensitive_attributes": [],
          "identity_schema_version": 0,
          "identity": {
            "arn": "arn:aws:elasticloadbalancing:ap-south-1:122976268417:targetgroup/cloudzenia-wp-tg/271091de21787a11"
          },
          "private": "bnVsbA==",
          "dependencies": [
            "module.vpc.aws_vpc.main"
          ]
        }
      ]
    },
    {
      "module": "module.db_secret",
      "mode": "managed",
      "type": "aws_secretsmanager_secret",
      "name": "db_credentials",
      "provider": "provider[\"registry.terraform.io/hashicorp/aws\"]",
      "instances": [
        {
          "schema_version": 0,
          "attributes": {
            "arn": "arn:aws:secretsmanager:ap-south-1:122976268417:secret:cloudzenia-db-credentials-7dGJ15",
            "description": "",
            "force_overwrite_replica_secret": false,
            "id": "arn:aws:secretsmanager:ap-south-1:122976268417:secret:cloudzenia-db-credentials-7dGJ15",
            "kms_key_id": "",
            "name": "cloudzenia-db-credentials",
            "name_prefix": "",
            "policy": "",
            "recovery_window_in_days": 30,
            "region": "ap-south-1",
            "replica": [],
            "tags": {},
            "tags_all": {}
          },
          "sensitive_attributes": [],
          "identity_schema_version": 0,
          "identity": {
            "arn": "arn:aws:secretsmanager:ap-south-1:122976268417:secret:cloudzenia-db-credentials-7dGJ15"
          },
          "private": "bnVsbA=="
        }
      ]
    },
    {
      "module": "module.db_secret",
      "mode": "managed",
      "type": "aws_secretsmanager_secret_version",
      "name": "db_credentials_version",
      "provider": "provider[\"registry.terraform.io/hashicorp/aws\"]",
      "instances": [
        {
          "schema_version": 0,
          "attributes": {
            "arn": "arn:aws:secretsmanager:ap-south-1:122976268417:secret:cloudzenia-db-credentials-7dGJ15",
            "has_secret_string_wo": null,
            "id": "arn:aws:secretsmanager:ap-south-1:122976268417:secret:cloudzenia-db-credentials-7dGJ15|terraform-20251127152825029500000006",
            "region": "ap-south-1",
            "secret_binary": "",
            "secret_id": "arn:aws:secretsmanager:ap-south-1:122976268417:secret:cloudzenia-db-credentials-7dGJ15",
            "secret_string": "{\"dbname\":\"wordpressdb\",\"host\":\"cloudzenia-db.clga2eu4swox.ap-south-1.rds.amazonaws.com\",\"password\":\"ChangeMe123!\",\"port\":3306,\"username\":\"wp_user\"}",
            "secret_string_wo": null,
            "secret_string_wo_version": null,
            "version_id": "terraform-20251127152825029500000006",
            "version_stages": [
              "AWSCURRENT"
            ]
          },
          "sensitive_attributes": [
            [
              {
                "type": "get_attr",
                "value": "secret_binary"
              }
            ],
            [
              {
                "type": "get_attr",
                "value": "secret_string"
              }
            ],
            [
              {
                "type": "get_attr",
                "value": "secret_string_wo"
              }
            ]
          ],
          "identity_schema_version": 0,
          "identity": {
            "account_id": "122976268417",
            "region": "ap-south-1",
            "secret_id": "arn:aws:secretsmanager:ap-south-1:122976268417:secret:cloudzenia-db-credentials-7dGJ15",
            "version_id": "terraform-20251127152825029500000006"
          },
          "private": "bnVsbA==",
          "dependencies": [
            "aws_security_group.alb_sg",
            "aws_security_group.ecs_tasks_sg",
            "aws_security_group.rds_sg",
            "module.db_secret.aws_secretsmanager_secret.db_credentials",
            "module.rds.aws_db_instance.db_instance",
            "module.rds.aws_db_subnet_group.db_subnet_group",
            "module.vpc.aws_subnet.private",
            "module.vpc.aws_vpc.main"
          ]
        }
      ]
    },
    {
      "module": "module.ecs",
      "mode": "managed",
      "type": "aws_cloudwatch_log_group",
      "name": "ecs_logs",
      "provider": "provider[\"registry.terraform.io/hashicorp/aws\"]",
      "instances": [
        {
          "schema_version": 0,
          "attributes": {
            "arn": "arn:aws:logs:ap-south-1:122976268417:log-group:/cloudzenia/microservice",
            "id": "/cloudzenia/microservice",
            "kms_key_id": "",
            "log_group_class": "STANDARD",
            "name": "/cloudzenia/microservice",
            "name_prefix": "",
            "region": "ap-south-1",
            "retention_in_days": 14,
            "skip_destroy": false,
            "tags": {},
            "tags_all": {}
          },
          "sensitive_attributes": [],
          "identity_schema_version": 0,
          "identity": {
            "account_id": "122976268417",
            "name": "/cloudzenia/microservice",
            "region": "ap-south-1"
          },
          "private": "bnVsbA==",
          "dependencies": [
            "aws_acm_certificate.main_cert",
            "aws_acm_certificate_validation.cert_validation",
            "aws_route53_record.acm_validation_records",
            "aws_route53_zone.primary_zone",
            "aws_security_group.alb_sg",
            "module.alb.aws_lb.app_lb",
            "module.alb.aws_lb_listener.http_redirect",
            "module.alb.aws_lb_listener.https_listener",
            "module.alb.aws_lb_listener_rule.microservice_rule",
            "module.alb.aws_lb_listener_rule.wordpress_rule",
            "module.alb.aws_lb_target_group.microservice_tg",
            "module.alb.aws_lb_target_group.wordpress_tg",
            "module.vpc.aws_subnet.public",
            "module.vpc.aws_vpc.main"
          ]
        }
      ]
    },
    {
      "module": "module.ecs",
      "mode": "managed",
      "type": "aws_ecs_cluster",
      "name": "ecs_cluster",
      "provider": "provider[\"registry.terraform.io/hashicorp/aws\"]",
      "instances": [
        {
          "schema_version": 0,
          "attributes": {
            "arn": "arn:aws:ecs:ap-south-1:122976268417:cluster/cloudzenia-cluster",
            "configuration": [],
            "id": "arn:aws:ecs:ap-south-1:122976268417:cluster/cloudzenia-cluster",
            "name": "cloudzenia-cluster",
            "region": "ap-south-1",
            "service_connect_defaults": [],
            "setting": [
              {
                "name": "containerInsights",
                "value": "disabled"
              }
            ],
            "tags": {},
            "tags_all": {}
          },
          "sensitive_attributes": [],
          "identity_schema_version": 0,
          "private": "bnVsbA==",
          "dependencies": [
            "aws_acm_certificate.main_cert",
            "aws_acm_certificate_validation.cert_validation",
            "aws_route53_record.acm_validation_records",
            "aws_route53_zone.primary_zone",
            "aws_security_group.alb_sg",
            "module.alb.aws_lb.app_lb",
            "module.alb.aws_lb_listener.http_redirect",
            "module.alb.aws_lb_listener.https_listener",
            "module.alb.aws_lb_listener_rule.microservice_rule",
            "module.alb.aws_lb_listener_rule.wordpress_rule",
            "module.alb.aws_lb_target_group.microservice_tg",
            "module.alb.aws_lb_target_group.wordpress_tg",
            "module.vpc.aws_subnet.public",
            "module.vpc.aws_vpc.main"
          ]
        }
      ]
    },
    {
      "module": "module.ecs",
      "mode": "managed",
      "type": "aws_ecs_service",
      "name": "microservice_service",
      "provider": "provider[\"registry.terraform.io/hashicorp/aws\"]",
      "instances": [
        {
          "schema_version": 1,
          "attributes": {
            "alarms": [],
            "arn": "arn:aws:ecs:ap-south-1:122976268417:service/cloudzenia-cluster/cloudzenia-micro-svc",
            "availability_zone_rebalancing": "ENABLED",
            "capacity_provider_strategy": [],
            "cluster": "arn:aws:ecs:ap-south-1:122976268417:cluster/cloudzenia-cluster",
            "deployment_circuit_breaker": [
              {
                "enable": false,
                "rollback": false
              }
            ],
            "deployment_configuration": [
              {
                "bake_time_in_minutes": "0",
                "canary_configuration": [],
                "lifecycle_hook": [],
                "linear_configuration": [],
                "strategy": "ROLLING"
              }
            ],
            "deployment_controller": [
              {
                "type": "ECS"
              }
            ],
            "deployment_maximum_percent": 200,
            "deployment_minimum_healthy_percent": 100,
            "desired_count": 1,
            "enable_ecs_managed_tags": false,
            "enable_execute_command": false,
            "force_delete": null,
            "force_new_deployment": null,
            "health_check_grace_period_seconds": 0,
            "iam_role": "/aws-service-role/ecs.amazonaws.com/AWSServiceRoleForECS",
            "id": "arn:aws:ecs:ap-south-1:122976268417:service/cloudzenia-cluster/cloudzenia-micro-svc",
            "launch_type": "FARGATE",
            "load_balancer": [
              {
                "advanced_configuration": [],
                "container_name": "microservice",
                "container_port": 8080,
                "elb_name": "",
                "target_group_arn": "arn:aws:elasticloadbalancing:ap-south-1:122976268417:targetgroup/cloudzenia-micro-tg/aa274fb079531be0"
              }
            ],
            "name": "cloudzenia-micro-svc",
            "network_configuration": [
              {
                "assign_public_ip": false,
                "security_groups": [
                  "sg-02b0e1c96323133dc"
                ],
                "subnets": [
                  "subnet-03bf5ac3e821ddbc7",
                  "subnet-09307c91315e563ee"
                ]
              }
            ],
            "ordered_placement_strategy": [],
            "placement_constraints": [],
            "platform_version": "LATEST",
            "propagate_tags": "NONE",
            "region": "ap-south-1",
            "scheduling_strategy": "REPLICA",
            "service_connect_configuration": [],
            "service_registries": [],
            "sigint_rollback": null,
            "tags": {},
            "tags_all": {},
            "task_definition": "arn:aws:ecs:ap-south-1:122976268417:task-definition/cloudzenia-micro:1",
            "timeouts": null,
            "triggers": {},
            "volume_configuration": [],
            "vpc_lattice_configurations": [],
            "wait_for_steady_state": false
          },
          "sensitive_attributes": [],
          "identity_schema_version": 0,
          "private": "eyJlMmJmYjczMC1lY2FhLTExZTYtOGY4OC0zNDM2M2JjN2M0YzAiOnsiY3JlYXRlIjoxMjAwMDAwMDAwMDAwLCJkZWxldGUiOjEyMDAwMDAwMDAwMDAsInVwZGF0ZSI6MTIwMDAwMDAwMDAwMH0sInNjaGVtYV92ZXJzaW9uIjoiMSJ9",
          "dependencies": [
            "aws_acm_certificate.main_cert",
            "aws_acm_certificate_validation.cert_validation",
            "aws_route53_record.acm_validation_records",
            "aws_route53_zone.primary_zone",
            "aws_security_group.alb_sg",
            "aws_security_group.ecs_tasks_sg",
            "module.alb.aws_lb.app_lb",
            "module.alb.aws_lb_listener.http_redirect",
            "module.alb.aws_lb_listener.https_listener",
            "module.alb.aws_lb_listener_rule.microservice_rule",
            "module.alb.aws_lb_listener_rule.wordpress_rule",
            "module.alb.aws_lb_target_group.microservice_tg",
            "module.alb.aws_lb_target_group.wordpress_tg",
            "module.ecs.aws_ecs_cluster.ecs_cluster",
            "module.ecs.aws_ecs_task_definition.microservice_task",
            "module.ecs.aws_iam_role.ecs_task_execution_role",
            "module.ecs.aws_iam_role.ecs_task_role",
            "module.ecs.aws_iam_role_policy_attachment.ecs_task_execution_role_policy",
            "module.micro_ecr.aws_ecr_repository.repo",
            "module.vpc.aws_subnet.private",
            "module.vpc.aws_subnet.public",
            "module.vpc.aws_vpc.main"
          ]
        }
      ]
    },
    {
      "module": "module.ecs",
      "mode": "managed",
      "type": "aws_ecs_service",
      "name": "wordpress_service",
      "provider": "provider[\"registry.terraform.io/hashicorp/aws\"]",
      "instances": [
        {
          "schema_version": 1,
          "attributes": {
            "alarms": [],
            "arn": "arn:aws:ecs:ap-south-1:122976268417:service/cloudzenia-cluster/cloudzenia-wp-svc",
            "availability_zone_rebalancing": "ENABLED",
            "capacity_provider_strategy": [],
            "cluster": "arn:aws:ecs:ap-south-1:122976268417:cluster/cloudzenia-cluster",
            "deployment_circuit_breaker": [
              {
                "enable": false,
                "rollback": false
              }
            ],
            "deployment_configuration": [
              {
                "bake_time_in_minutes": "0",
                "canary_configuration": [],
                "lifecycle_hook": [],
                "linear_configuration": [],
                "strategy": "ROLLING"
              }
            ],
            "deployment_controller": [
              {
                "type": "ECS"
              }
            ],
            "deployment_maximum_percent": 200,
            "deployment_minimum_healthy_percent": 100,
            "desired_count": 1,
            "enable_ecs_managed_tags": false,
            "enable_execute_command": false,
            "force_delete": null,
            "force_new_deployment": null,
            "health_check_grace_period_seconds": 0,
            "iam_role": "/aws-service-role/ecs.amazonaws.com/AWSServiceRoleForECS",
            "id": "arn:aws:ecs:ap-south-1:122976268417:service/cloudzenia-cluster/cloudzenia-wp-svc",
            "launch_type": "FARGATE",
            "load_balancer": [
              {
                "advanced_configuration": [],
                "container_name": "wordpress",
                "container_port": 80,
                "elb_name": "",
                "target_group_arn": "arn:aws:elasticloadbalancing:ap-south-1:122976268417:targetgroup/cloudzenia-wp-tg/271091de21787a11"
              }
            ],
            "name": "cloudzenia-wp-svc",
            "network_configuration": [
              {
                "assign_public_ip": false,
                "security_groups": [
                  "sg-02b0e1c96323133dc"
                ],
                "subnets": [
                  "subnet-03bf5ac3e821ddbc7",
                  "subnet-09307c91315e563ee"
                ]
              }
            ],
            "ordered_placement_strategy": [],
            "placement_constraints": [],
            "platform_version": "LATEST",
            "propagate_tags": "NONE",
            "region": "ap-south-1",
            "scheduling_strategy": "REPLICA",
            "service_connect_configuration": [],
            "service_registries": [],
            "sigint_rollback": null,
            "tags": {},
            "tags_all": {},
            "task_definition": "arn:aws:ecs:ap-south-1:122976268417:task-definition/cloudzenia-wordpress:1",
            "timeouts": null,
            "triggers": {},
            "volume_configuration": [],
            "vpc_lattice_configurations": [],
            "wait_for_steady_state": false
          },
          "sensitive_attributes": [],
          "identity_schema_version": 0,
          "private": "eyJlMmJmYjczMC1lY2FhLTExZTYtOGY4OC0zNDM2M2JjN2M0YzAiOnsiY3JlYXRlIjoxMjAwMDAwMDAwMDAwLCJkZWxldGUiOjEyMDAwMDAwMDAwMDAsInVwZGF0ZSI6MTIwMDAwMDAwMDAwMH0sInNjaGVtYV92ZXJzaW9uIjoiMSJ9",
          "dependencies": [
            "aws_acm_certificate.main_cert",
            "aws_acm_certificate_validation.cert_validation",
            "aws_route53_record.acm_validation_records",
            "aws_route53_zone.primary_zone",
            "aws_security_group.alb_sg",
            "aws_security_group.ecs_tasks_sg",
            "aws_security_group.rds_sg",
            "module.alb.aws_lb.app_lb",
            "module.alb.aws_lb_listener.http_redirect",
            "module.alb.aws_lb_listener.https_listener",
            "module.alb.aws_lb_listener_rule.microservice_rule",
            "module.alb.aws_lb_listener_rule.wordpress_rule",
            "module.alb.aws_lb_target_group.microservice_tg",
            "module.alb.aws_lb_target_group.wordpress_tg",
            "module.db_secret.aws_secretsmanager_secret.db_credentials",
            "module.ecs.aws_ecs_cluster.ecs_cluster",
            "module.ecs.aws_ecs_task_definition.wordpress_task",
            "module.ecs.aws_iam_role.ecs_task_execution_role",
            "module.ecs.aws_iam_role.ecs_task_role",
            "module.ecs.aws_iam_role_policy_attachment.ecs_task_execution_role_policy",
            "module.rds.aws_db_instance.db_instance",
            "module.rds.aws_db_subnet_group.db_subnet_group",
            "module.vpc.aws_subnet.private",
            "module.vpc.aws_subnet.public",
            "module.vpc.aws_vpc.main"
          ]
        }
      ]
    },
    {
      "module": "module.ecs",
      "mode": "managed",
      "type": "aws_ecs_task_definition",
      "name": "microservice_task",
      "provider": "provider[\"registry.terraform.io/hashicorp/aws\"]",
      "instances": [
        {
          "schema_version": 1,
          "attributes": {
            "arn": "arn:aws:ecs:ap-south-1:122976268417:task-definition/cloudzenia-micro:1",
            "arn_without_revision": "arn:aws:ecs:ap-south-1:122976268417:task-definition/cloudzenia-micro",
            "container_definitions": "[{\"environment\":[{\"name\":\"MESSAGE\",\"value\":\"Hello from Microservice\"}],\"essential\":true,\"image\":\"122976268417.dkr.ecr.ap-south-1.amazonaws.com/cloudzenia-microservice:latest\",\"logConfiguration\":{\"logDriver\":\"awslogs\",\"options\":{\"awslogs-group\":\"/cloudzenia/microservice\",\"awslogs-region\":\"ap-south-1\",\"awslogs-stream-prefix\":\"micro\"}},\"mountPoints\":[],\"name\":\"microservice\",\"portMappings\":[{\"containerPort\":8080,\"hostPort\":8080,\"protocol\":\"tcp\"}],\"systemControls\":[],\"volumesFrom\":[]}]",
            "cpu": "256",
            "enable_fault_injection": false,
            "ephemeral_storage": [],
            "execution_role_arn": "arn:aws:iam::122976268417:role/cloudzenia-task-exec-role",
            "family": "cloudzenia-micro",
            "id": "cloudzenia-micro",
            "ipc_mode": "",
            "memory": "512",
            "network_mode": "awsvpc",
            "pid_mode": "",
            "placement_constraints": [],
            "proxy_configuration": [],
            "region": "ap-south-1",
            "requires_compatibilities": [
              "FARGATE"
            ],
            "revision": 1,
            "runtime_platform": [],
            "skip_destroy": false,
            "tags": {},
            "tags_all": {},
            "task_role_arn": "arn:aws:iam::122976268417:role/cloudzenia-task-role",
            "track_latest": false,
            "volume": []
          },
          "sensitive_attributes": [],
          "identity_schema_version": 0,
          "private": "eyJzY2hlbWFfdmVyc2lvbiI6IjEifQ==",
          "dependencies": [
            "aws_acm_certificate.main_cert",
            "aws_acm_certificate_validation.cert_validation",
            "aws_route53_record.acm_validation_records",
            "aws_route53_zone.primary_zone",
            "aws_security_group.alb_sg",
            "module.alb.aws_lb.app_lb",
            "module.alb.aws_lb_listener.http_redirect",
            "module.alb.aws_lb_listener.https_listener",
            "module.alb.aws_lb_listener_rule.microservice_rule",
            "module.alb.aws_lb_listener_rule.wordpress_rule",
            "module.alb.aws_lb_target_group.microservice_tg",
            "module.alb.aws_lb_target_group.wordpress_tg",
            "module.ecs.aws_iam_role.ecs_task_execution_role",
            "module.ecs.aws_iam_role.ecs_task_role",
            "module.micro_ecr.aws_ecr_repository.repo",
            "module.vpc.aws_subnet.public",
            "module.vpc.aws_vpc.main"
          ]
        }
      ]
    },
    {
      "module": "module.ecs",
      "mode": "managed",
      "type": "aws_ecs_task_definition",
      "name": "wordpress_task",
      "provider": "provider[\"registry.terraform.io/hashicorp/aws\"]",
      "instances": [
        {
          "schema_version": 1,
          "attributes": {
            "arn": "arn:aws:ecs:ap-south-1:122976268417:task-definition/cloudzenia-wordpress:1",
            "arn_without_revision": "arn:aws:ecs:ap-south-1:122976268417:task-definition/cloudzenia-wordpress",
            "container_definitions": "[{\"environment\":[{\"name\":\"WORDPRESS_DB_HOST\",\"value\":\"cloudzenia-db.clga2eu4swox.ap-south-1.rds.amazonaws.com\"},{\"name\":\"WORDPRESS_DB_NAME\",\"value\":\"wordpressdb\"},{\"name\":\"WORDPRESS_DB_USER\",\"value\":\"wp_user\"}],\"essential\":true,\"image\":\"wordpress:latest\",\"logConfiguration\":{\"logDriver\":\"awslogs\",\"options\":{\"awslogs-group\":\"/cloudzenia/microservice\",\"awslogs-region\":\"ap-south-1\",\"awslogs-stream-prefix\":\"wordpress\"}},\"mountPoints\":[],\"name\":\"wordpress\",\"portMappings\":[{\"containerPort\":80,\"hostPort\":80,\"protocol\":\"tcp\"}],\"secrets\":[{\"name\":\"WORDPRESS_DB_PASSWORD\",\"valueFrom\":\"arn:aws:secretsmanager:ap-south-1:122976268417:secret:cloudzenia-db-credentials-7dGJ15:password::\"}],\"systemControls\":[],\"volumesFrom\":[]}]",
            "cpu": "512",
            "enable_fault_injection": false,
            "ephemeral_storage": [],
            "execution_role_arn": "arn:aws:iam::122976268417:role/cloudzenia-task-exec-role",
            "family": "cloudzenia-wordpress",
            "id": "cloudzenia-wordpress",
            "ipc_mode": "",
            "memory": "1024",
            "network_mode": "awsvpc",
            "pid_mode": "",
            "placement_constraints": [],
            "proxy_configuration": [],
            "region": "ap-south-1",
            "requires_compatibilities": [
              "FARGATE"
            ],
            "revision": 1,
            "runtime_platform": [],
            "skip_destroy": false,
            "tags": {},
            "tags_all": {},
            "task_role_arn": "arn:aws:iam::122976268417:role/cloudzenia-task-role",
            "track_latest": false,
            "volume": []
          },
          "sensitive_attributes": [],
          "identity_schema_version": 0,
          "private": "eyJzY2hlbWFfdmVyc2lvbiI6IjEifQ==",
          "dependencies": [
            "aws_acm_certificate.main_cert",
            "aws_acm_certificate_validation.cert_validation",
            "aws_route53_record.acm_validation_records",
            "aws_route53_zone.primary_zone",
            "aws_security_group.alb_sg",
            "aws_security_group.ecs_tasks_sg",
            "aws_security_group.rds_sg",
            "module.alb.aws_lb.app_lb",
            "module.alb.aws_lb_listener.http_redirect",
            "module.alb.aws_lb_listener.https_listener",
            "module.alb.aws_lb_listener_rule.microservice_rule",
            "module.alb.aws_lb_listener_rule.wordpress_rule",
            "module.alb.aws_lb_target_group.microservice_tg",
            "module.alb.aws_lb_target_group.wordpress_tg",
            "module.db_secret.aws_secretsmanager_secret.db_credentials",
            "module.ecs.aws_iam_role.ecs_task_execution_role",
            "module.ecs.aws_iam_role.ecs_task_role",
            "module.rds.aws_db_instance.db_instance",
            "module.rds.aws_db_subnet_group.db_subnet_group",
            "module.vpc.aws_subnet.private",
            "module.vpc.aws_subnet.public",
            "module.vpc.aws_vpc.main"
          ]
        }
      ]
    },
    {
      "module": "module.ecs",
      "mode": "managed",
      "type": "aws_iam_role",
      "name": "ecs_task_execution_role",
      "provider": "provider[\"registry.terraform.io/hashicorp/aws\"]",
      "instances": [
        {
          "schema_version": 0,
          "attributes": {
            "arn": "arn:aws:iam::122976268417:role/cloudzenia-task-exec-role",
            "assume_role_policy": "{\"Statement\":[{\"Action\":\"sts:AssumeRole\",\"Effect\":\"Allow\",\"Principal\":{\"Service\":\"ecs-tasks.amazonaws.com\"}}],\"Version\":\"2012-10-17\"}",
            "create_date": "2025-11-27T15:20:47Z",
            "description": "",
            "force_detach_policies": false,
            "id": "cloudzenia-task-exec-role",
            "inline_policy": [],
            "managed_policy_arns": [
              "arn:aws:iam::aws:policy/service-role/AmazonECSTaskExecutionRolePolicy"
            ],
            "max_session_duration": 3600,
            "name": "cloudzenia-task-exec-role",
            "name_prefix": "",
            "path": "/",
            "permissions_boundary": "",
            "tags": {},
            "tags_all": {},
            "unique_id": "AROARZIPU6CAZBBVETVKU"
          },
          "sensitive_attributes": [],
          "identity_schema_version": 0,
          "identity": {
            "account_id": "122976268417",
            "name": "cloudzenia-task-exec-role"
          },
          "private": "bnVsbA==",
          "dependencies": [
            "aws_acm_certificate.main_cert",
            "aws_acm_certificate_validation.cert_validation",
            "aws_route53_record.acm_validation_records",
            "aws_route53_zone.primary_zone",
            "aws_security_group.alb_sg",
            "module.alb.aws_lb.app_lb",
            "module.alb.aws_lb_listener.http_redirect",
            "module.alb.aws_lb_listener.https_listener",
            "module.alb.aws_lb_listener_rule.microservice_rule",
            "module.alb.aws_lb_listener_rule.wordpress_rule",
            "module.alb.aws_lb_target_group.microservice_tg",
            "module.alb.aws_lb_target_group.wordpress_tg",
            "module.vpc.aws_subnet.public",
            "module.vpc.aws_vpc.main"
          ]
        }
      ]
    },
    {
      "module": "module.ecs",
      "mode": "managed",
      "type": "aws_iam_role",
      "name": "ecs_task_role",
      "provider": "provider[\"registry.terraform.io/hashicorp/aws\"]",
      "instances": [
        {
          "schema_version": 0,
          "attributes": {
            "arn": "arn:aws:iam::122976268417:role/cloudzenia-task-role",
            "assume_role_policy": "{\"Statement\":[{\"Action\":\"sts:AssumeRole\",\"Effect\":\"Allow\",\"Principal\":{\"Service\":\"ecs-tasks.amazonaws.com\"}}],\"Version\":\"2012-10-17\"}",
            "create_date": "2025-11-27T15:20:47Z",
            "description": "",
            "force_detach_policies": false,
            "id": "cloudzenia-task-role",
            "inline_policy": [
              {
                "name": "cloudzenia-secrets-policy",
                "policy": "{\"Version\":\"2012-10-17\",\"Statement\":[{\"Action\":[\"secretsmanager:GetSecretValue\"],\"Effect\":\"Allow\",\"Resource\":\"arn:aws:secretsmanager:ap-south-1:122976268417:secret:cloudzenia-db-credentials-7dGJ15\"}]}"
              }
            ],
            "managed_policy_arns": [],
            "max_session_duration": 3600,
            "name": "cloudzenia-task-role",
            "name_prefix": "",
            "path": "/",
            "permissions_boundary": "",
            "tags": {},
            "tags_all": {},
            "unique_id": "AROARZIPU6CAX5RDSJOPH"
          },
          "sensitive_attributes": [],
          "identity_schema_version": 0,
          "identity": {
            "account_id": "122976268417",
            "name": "cloudzenia-task-role"
          },
          "private": "bnVsbA==",
          "dependencies": [
            "aws_acm_certificate.main_cert",
            "aws_acm_certificate_validation.cert_validation",
            "aws_route53_record.acm_validation_records",
            "aws_route53_zone.primary_zone",
            "aws_security_group.alb_sg",
            "module.alb.aws_lb.app_lb",
            "module.alb.aws_lb_listener.http_redirect",
            "module.alb.aws_lb_listener.https_listener",
            "module.alb.aws_lb_listener_rule.microservice_rule",
            "module.alb.aws_lb_listener_rule.wordpress_rule",
            "module.alb.aws_lb_target_group.microservice_tg",
            "module.alb.aws_lb_target_group.wordpress_tg",
            "module.vpc.aws_subnet.public",
            "module.vpc.aws_vpc.main"
          ]
        }
      ]
    },
    {
      "module": "module.ecs",
      "mode": "managed",
      "type": "aws_iam_role_policy",
      "name": "ecs_secrets_policy",
      "provider": "provider[\"registry.terraform.io/hashicorp/aws\"]",
      "instances": [
        {
          "schema_version": 0,
          "attributes": {
            "id": "cloudzenia-task-role:cloudzenia-secrets-policy",
            "name": "cloudzenia-secrets-policy",
            "name_prefix": "",
            "policy": "{\"Version\":\"2012-10-17\",\"Statement\":[{\"Action\":[\"secretsmanager:GetSecretValue\"],\"Effect\":\"Allow\",\"Resource\":\"arn:aws:secretsmanager:ap-south-1:122976268417:secret:cloudzenia-db-credentials-7dGJ15\"}]}",
            "role": "cloudzenia-task-role"
          },
          "sensitive_attributes": [],
          "identity_schema_version": 0,
          "identity": {
            "account_id": "122976268417",
            "name": "cloudzenia-secrets-policy",
            "role": "cloudzenia-task-role"
          },
          "private": "bnVsbA==",
          "dependencies": [
            "aws_acm_certificate.main_cert",
            "aws_acm_certificate_validation.cert_validation",
            "aws_route53_record.acm_validation_records",
            "aws_route53_zone.primary_zone",
            "aws_security_group.alb_sg",
            "module.alb.aws_lb.app_lb",
            "module.alb.aws_lb_listener.http_redirect",
            "module.alb.aws_lb_listener.https_listener",
            "module.alb.aws_lb_listener_rule.microservice_rule",
            "module.alb.aws_lb_listener_rule.wordpress_rule",
            "module.alb.aws_lb_target_group.microservice_tg",
            "module.alb.aws_lb_target_group.wordpress_tg",
            "module.db_secret.aws_secretsmanager_secret.db_credentials",
            "module.ecs.aws_iam_role.ecs_task_role",
            "module.vpc.aws_subnet.public",
            "module.vpc.aws_vpc.main"
          ]
        }
      ]
    },
    {
      "module": "module.ecs",
      "mode": "managed",
      "type": "aws_iam_role_policy_attachment",
      "name": "ecs_task_execution_role_policy",
      "provider": "provider[\"registry.terraform.io/hashicorp/aws\"]",
      "instances": [
        {
          "schema_version": 0,
          "attributes": {
            "id": "cloudzenia-task-exec-role/arn:aws:iam::aws:policy/service-role/AmazonECSTaskExecutionRolePolicy",
            "policy_arn": "arn:aws:iam::aws:policy/service-role/AmazonECSTaskExecutionRolePolicy",
            "role": "cloudzenia-task-exec-role"
          },
          "sensitive_attributes": [],
          "identity_schema_version": 0,
          "identity": {
            "account_id": "122976268417",
            "policy_arn": "arn:aws:iam::aws:policy/service-role/AmazonECSTaskExecutionRolePolicy",
            "role": "cloudzenia-task-exec-role"
          },
          "private": "bnVsbA==",
          "dependencies": [
            "aws_acm_certificate.main_cert",
            "aws_acm_certificate_validation.cert_validation",
            "aws_route53_record.acm_validation_records",
            "aws_route53_zone.primary_zone",
            "aws_security_group.alb_sg",
            "module.alb.aws_lb.app_lb",
            "module.alb.aws_lb_listener.http_redirect",
            "module.alb.aws_lb_listener.https_listener",
            "module.alb.aws_lb_listener_rule.microservice_rule",
            "module.alb.aws_lb_listener_rule.wordpress_rule",
            "module.alb.aws_lb_target_group.microservice_tg",
            "module.alb.aws_lb_target_group.wordpress_tg",
            "module.ecs.aws_iam_role.ecs_task_execution_role",
            "module.vpc.aws_subnet.public",
            "module.vpc.aws_vpc.main"
          ]
        }
      ]
    },
    {
      "module": "module.micro_ecr",
      "mode": "managed",
      "type": "aws_ecr_repository",
      "name": "repo",
      "provider": "provider[\"registry.terraform.io/hashicorp/aws\"]",
      "instances": [
        {
          "schema_version": 0,
          "attributes": {
            "arn": "arn:aws:ecr:ap-south-1:122976268417:repository/cloudzenia-microservice",
            "encryption_configuration": [
              {
                "encryption_type": "AES256",
                "kms_key": ""
              }
            ],
            "force_delete": null,
            "id": "cloudzenia-microservice",
            "image_scanning_configuration": [
              {
                "scan_on_push": false
              }
            ],
            "image_tag_mutability": "MUTABLE",
            "image_tag_mutability_exclusion_filter": [],
            "name": "cloudzenia-microservice",
            "region": "ap-south-1",
            "registry_id": "122976268417",
            "repository_url": "122976268417.dkr.ecr.ap-south-1.amazonaws.com/cloudzenia-microservice",
            "tags": {},
            "tags_all": {},
            "timeouts": null
          },
          "sensitive_attributes": [],
          "identity_schema_version": 0,
          "identity": {
            "account_id": "122976268417",
            "name": "cloudzenia-microservice",
            "region": "ap-south-1"
          },
          "private": "eyJlMmJmYjczMC1lY2FhLTExZTYtOGY4OC0zNDM2M2JjN2M0YzAiOnsiZGVsZXRlIjoxMjAwMDAwMDAwMDAwfX0="
        }
      ]
    },
    {
      "module": "module.rds",
      "mode": "managed",
      "type": "aws_db_instance",
      "name": "db_instance",
      "provider": "provider[\"registry.terraform.io/hashicorp/aws\"]",
      "instances": [
        {
          "schema_version": 2,
          "attributes": {
            "address": "cloudzenia-db.clga2eu4swox.ap-south-1.rds.amazonaws.com",
            "allocated_storage": 20,
            "allow_major_version_upgrade": null,
            "apply_immediately": false,
            "arn": "arn:aws:rds:ap-south-1:122976268417:db:cloudzenia-db",
            "auto_minor_version_upgrade": true,
            "availability_zone": "ap-south-1a",
            "backup_retention_period": 7,
            "backup_target": "region",
            "backup_window": "21:12-21:42",
            "blue_green_update": [],
            "ca_cert_identifier": "rds-ca-rsa2048-g1",
            "character_set_name": "",
            "copy_tags_to_snapshot": false,
            "custom_iam_instance_profile": "",
            "customer_owned_ip_enabled": false,
            "database_insights_mode": "standard",
            "db_name": "wordpressdb",
            "db_subnet_group_name": "cloudzenia-db-db-subnet-group",
            "dedicated_log_volume": false,
            "delete_automated_backups": true,
            "deletion_protection": false,
            "domain": "",
            "domain_auth_secret_arn": "",
            "domain_dns_ips": [],
            "domain_fqdn": "",
            "domain_iam_role_name": "",
            "domain_ou": "",
            "enabled_cloudwatch_logs_exports": [],
            "endpoint": "cloudzenia-db.clga2eu4swox.ap-south-1.rds.amazonaws.com:3306",
            "engine": "mysql",
            "engine_lifecycle_support": "open-source-rds-extended-support",
            "engine_version": "8.0",
            "engine_version_actual": "8.0.43",
            "final_snapshot_identifier": null,
            "hosted_zone_id": "Z2VFMSZA74J7XZ",
            "iam_database_authentication_enabled": false,
            "id": "db-IHWGEUKCA5HXALNG7YOGW2PGVE",
            "identifier": "cloudzenia-db",
            "identifier_prefix": "",
            "instance_class": "db.t3.micro",
            "iops": 0,
            "kms_key_id": "",
            "latest_restorable_time": "2025-11-27T16:55:00Z",
            "license_model": "general-public-license",
            "listener_endpoint": [],
            "maintenance_window": "sat:12:06-sat:12:36",
            "manage_master_user_password": null,
            "master_user_secret": [],
            "master_user_secret_kms_key_id": null,
            "max_allocated_storage": 0,
            "monitoring_interval": 0,
            "monitoring_role_arn": "",
            "multi_az": false,
            "nchar_character_set_name": "",
            "network_type": "IPV4",
            "option_group_name": "default:mysql-8-0",
            "parameter_group_name": "default.mysql8.0",
            "password": "ChangeMe123!",
            "password_wo": null,
            "password_wo_version": null,
            "performance_insights_enabled": false,
            "performance_insights_kms_key_id": "",
            "performance_insights_retention_period": 0,
            "port": 3306,
            "publicly_accessible": false,
            "region": "ap-south-1",
            "replica_mode": "",
            "replicas": [],
            "replicate_source_db": "",
            "resource_id": "db-IHWGEUKCA5HXALNG7YOGW2PGVE",
            "restore_to_point_in_time": [],
            "s3_import": [],
            "skip_final_snapshot": true,
            "snapshot_identifier": null,
            "status": "available",
            "storage_encrypted": false,
            "storage_throughput": 0,
            "storage_type": "gp2",
            "tags": {
              "Name": "cloudzenia-db"
            },
            "tags_all": {
              "Name": "cloudzenia-db"
            },
            "timeouts": null,
            "timezone": "",
            "upgrade_storage_config": null,
            "username": "wp_user",
            "vpc_security_group_ids": [
              "sg-07f52ffb754e4e16e"
            ]
          },
          "sensitive_attributes": [
            [
              {
                "type": "get_attr",
                "value": "password"
              }
            ],
            [
              {
                "type": "get_attr",
                "value": "password_wo"
              }
            ]
          ],
          "identity_schema_version": 0,
          "private": "eyJlMmJmYjczMC1lY2FhLTExZTYtOGY4OC0zNDM2M2JjN2M0YzAiOnsiY3JlYXRlIjozMDAwMDAwMDAwMDAwLCJkZWxldGUiOjM2MDAwMDAwMDAwMDAsInVwZGF0ZSI6NDgwMDAwMDAwMDAwMH0sInNjaGVtYV92ZXJzaW9uIjoiMiJ9",
          "dependencies": [
            "aws_security_group.alb_sg",
            "aws_security_group.ecs_tasks_sg",
            "aws_security_group.rds_sg",
            "module.rds.aws_db_subnet_group.db_subnet_group",
            "module.vpc.aws_subnet.private",
            "module.vpc.aws_vpc.main"
          ]
        }
      ]
    },
    {
      "module": "module.rds",
      "mode": "managed",
      "type": "aws_db_subnet_group",
      "name": "db_subnet_group",
      "provider": "provider[\"registry.terraform.io/hashicorp/aws\"]",
      "instances": [
        {
          "schema_version": 0,
          "attributes": {
            "arn": "arn:aws:rds:ap-south-1:122976268417:subgrp:cloudzenia-db-db-subnet-group",
            "description": "Managed by Terraform",
            "id": "cloudzenia-db-db-subnet-group",
            "name": "cloudzenia-db-db-subnet-group",
            "name_prefix": "",
            "region": "ap-south-1",
            "subnet_ids": [
              "subnet-03bf5ac3e821ddbc7",
              "subnet-09307c91315e563ee"
            ],
            "supported_network_types": [
              "IPV4"
            ],
            "tags": {
              "Name": "cloudzenia-db-db-subnet-group"
            },
            "tags_all": {
              "Name": "cloudzenia-db-db-subnet-group"
            },
            "vpc_id": "vpc-02b5852877ebe8806"
          },
          "sensitive_attributes": [],
          "identity_schema_version": 0,
          "private": "bnVsbA==",
          "dependencies": [
            "module.vpc.aws_subnet.private",
            "module.vpc.aws_vpc.main"
          ]
        }
      ]
    },
    {
      "module": "module.vpc",
      "mode": "managed",
      "type": "aws_eip",
      "name": "nat_eip",
      "provider": "provider[\"registry.terraform.io/hashicorp/aws\"]",
      "instances": [
        {
          "schema_version": 0,
          "attributes": {
            "address": null,
            "allocation_id": "eipalloc-0e7bc17c17fe32b99",
            "arn": "arn:aws:ec2:ap-south-1:122976268417:elastic-ip/eipalloc-0e7bc17c17fe32b99",
            "associate_with_private_ip": null,
            "association_id": "",
            "carrier_ip": "",
            "customer_owned_ip": "",
            "customer_owned_ipv4_pool": "",
            "domain": "vpc",
            "id": "eipalloc-0e7bc17c17fe32b99",
            "instance": "",
            "ipam_pool_id": null,
            "network_border_group": "ap-south-1",
            "network_interface": "",
            "private_dns": null,
            "private_ip": "",
            "ptr_record": "",
            "public_dns": "ec2-43-205-70-86.ap-south-1.compute.amazonaws.com",
            "public_ip": "43.205.70.86",
            "public_ipv4_pool": "amazon",
            "region": "ap-south-1",
            "tags": {
              "Name": "cloudzenia-ecs-nat-eip"
            },
            "tags_all": {
              "Name": "cloudzenia-ecs-nat-eip"
            },
            "timeouts": null
          },
          "sensitive_attributes": [],
          "identity_schema_version": 0,
          "private": "eyJlMmJmYjczMC1lY2FhLTExZTYtOGY4OC0zNDM2M2JjN2M0YzAiOnsiZGVsZXRlIjoxODAwMDAwMDAwMDAsInJlYWQiOjkwMDAwMDAwMDAwMCwidXBkYXRlIjozMDAwMDAwMDAwMDB9fQ=="
        }
      ]
    },
    {
      "module": "module.vpc",
      "mode": "managed",
      "type": "aws_internet_gateway",
      "name": "igw",
      "provider": "provider[\"registry.terraform.io/hashicorp/aws\"]",
      "instances": [
        {
          "schema_version": 0,
          "attributes": {
            "arn": "arn:aws:ec2:ap-south-1:122976268417:internet-gateway/igw-0cb8240708ef10fee",
            "id": "igw-0cb8240708ef10fee",
            "owner_id": "122976268417",
            "region": "ap-south-1",
            "tags": {
              "Name": "cloudzenia-ecs-igw"
            },
            "tags_all": {
              "Name": "cloudzenia-ecs-igw"
            },
            "timeouts": null,
            "vpc_id": "vpc-02b5852877ebe8806"
          },
          "sensitive_attributes": [],
          "identity_schema_version": 0,
          "private": "eyJlMmJmYjczMC1lY2FhLTExZTYtOGY4OC0zNDM2M2JjN2M0YzAiOnsiY3JlYXRlIjoxMjAwMDAwMDAwMDAwLCJkZWxldGUiOjEyMDAwMDAwMDAwMDAsInVwZGF0ZSI6MTIwMDAwMDAwMDAwMH19",
          "dependencies": [
            "module.vpc.aws_vpc.main"
          ]
        }
      ]
    },
    {
      "module": "module.vpc",
      "mode": "managed",
      "type": "aws_nat_gateway",
      "name": "nat_gw",
      "provider": "provider[\"registry.terraform.io/hashicorp/aws\"]",
      "instances": [
        {
          "schema_version": 0,
          "attributes": {
            "allocation_id": "eipalloc-0e7bc17c17fe32b99",
            "association_id": "eipassoc-0e67d9f064595cc04",
            "connectivity_type": "public",
            "id": "nat-03b719af945bfd9f8",
            "network_interface_id": "eni-025f15b2bd8273581",
            "private_ip": "10.10.1.63",
            "public_ip": "43.205.70.86",
            "region": "ap-south-1",
            "secondary_allocation_ids": [],
            "secondary_private_ip_address_count": 0,
            "secondary_private_ip_addresses": [],
            "subnet_id": "subnet-0ac7d77b7166655cf",
            "tags": {
              "Name": "cloudzenia-ecs-nat-gw"
            },
            "tags_all": {
              "Name": "cloudzenia-ecs-nat-gw"
            },
            "timeouts": null
          },
          "sensitive_attributes": [],
          "identity_schema_version": 0,
          "private": "eyJlMmJmYjczMC1lY2FhLTExZTYtOGY4OC0zNDM2M2JjN2M0YzAiOnsiY3JlYXRlIjo2MDAwMDAwMDAwMDAsImRlbGV0ZSI6MTgwMDAwMDAwMDAwMCwidXBkYXRlIjo2MDAwMDAwMDAwMDB9fQ==",
          "dependencies": [
            "module.vpc.aws_eip.nat_eip",
            "module.vpc.aws_subnet.public",
            "module.vpc.aws_vpc.main"
          ]
        }
      ]
    },
    {
      "module": "module.vpc",
      "mode": "managed",
      "type": "aws_route_table",
      "name": "private_rt",
      "provider": "provider[\"registry.terraform.io/hashicorp/aws\"]",
      "instances": [
        {
          "schema_version": 0,
          "attributes": {
            "arn": "arn:aws:ec2:ap-south-1:122976268417:route-table/rtb-05442190cdd61b996",
            "id": "rtb-05442190cdd61b996",
            "owner_id": "122976268417",
            "propagating_vgws": [],
            "region": "ap-south-1",
            "route": [
              {
                "carrier_gateway_id": "",
                "cidr_block": "0.0.0.0/0",
                "core_network_arn": "",
                "destination_prefix_list_id": "",
                "egress_only_gateway_id": "",
                "gateway_id": "",
                "ipv6_cidr_block": "",
                "local_gateway_id": "",
                "nat_gateway_id": "nat-03b719af945bfd9f8",
                "network_interface_id": "",
                "transit_gateway_id": "",
                "vpc_endpoint_id": "",
                "vpc_peering_connection_id": ""
              }
            ],
            "tags": {
              "Name": "cloudzenia-ecs-private-rt"
            },
            "tags_all": {
              "Name": "cloudzenia-ecs-private-rt"
            },
            "timeouts": null,
            "vpc_id": "vpc-02b5852877ebe8806"
          },
          "sensitive_attributes": [],
          "identity_schema_version": 0,
          "identity": {
            "account_id": "122976268417",
            "id": "rtb-05442190cdd61b996",
            "region": "ap-south-1"
          },
          "private": "eyJlMmJmYjczMC1lY2FhLTExZTYtOGY4OC0zNDM2M2JjN2M0YzAiOnsiY3JlYXRlIjozMDAwMDAwMDAwMDAsImRlbGV0ZSI6MzAwMDAwMDAwMDAwLCJ1cGRhdGUiOjEyMDAwMDAwMDAwMH19",
          "dependencies": [
            "module.vpc.aws_eip.nat_eip",
            "module.vpc.aws_nat_gateway.nat_gw",
            "module.vpc.aws_subnet.public",
            "module.vpc.aws_vpc.main"
          ]
        }
      ]
    },
    {
      "module": "module.vpc",
      "mode": "managed",
      "type": "aws_route_table",
      "name": "public_rt",
      "provider": "provider[\"registry.terraform.io/hashicorp/aws\"]",
      "instances": [
        {
          "schema_version": 0,
          "attributes": {
            "arn": "arn:aws:ec2:ap-south-1:122976268417:route-table/rtb-07b0e67af5e8c47c5",
            "id": "rtb-07b0e67af5e8c47c5",
            "owner_id": "122976268417",
            "propagating_vgws": [],
            "region": "ap-south-1",
            "route": [
              {
                "carrier_gateway_id": "",
                "cidr_block": "0.0.0.0/0",
                "core_network_arn": "",
                "destination_prefix_list_id": "",
                "egress_only_gateway_id": "",
                "gateway_id": "igw-0cb8240708ef10fee",
                "ipv6_cidr_block": "",
                "local_gateway_id": "",
                "nat_gateway_id": "",
                "network_interface_id": "",
                "transit_gateway_id": "",
                "vpc_endpoint_id": "",
                "vpc_peering_connection_id": ""
              }
            ],
            "tags": {
              "Name": "cloudzenia-ecs-public-rt"
            },
            "tags_all": {
              "Name": "cloudzenia-ecs-public-rt"
            },
            "timeouts": null,
            "vpc_id": "vpc-02b5852877ebe8806"
          },
          "sensitive_attributes": [],
          "identity_schema_version": 0,
          "identity": {
            "account_id": "122976268417",
            "id": "rtb-07b0e67af5e8c47c5",
            "region": "ap-south-1"
          },
          "private": "eyJlMmJmYjczMC1lY2FhLTExZTYtOGY4OC0zNDM2M2JjN2M0YzAiOnsiY3JlYXRlIjozMDAwMDAwMDAwMDAsImRlbGV0ZSI6MzAwMDAwMDAwMDAwLCJ1cGRhdGUiOjEyMDAwMDAwMDAwMH19",
          "dependencies": [
            "module.vpc.aws_internet_gateway.igw",
            "module.vpc.aws_vpc.main"
          ]
        }
      ]
    },
    {
      "module": "module.vpc",
      "mode": "managed",
      "type": "aws_route_table_association",
      "name": "private_assoc",
      "provider": "provider[\"registry.terraform.io/hashicorp/aws\"]",
      "instances": [
        {
          "index_key": 0,
          "schema_version": 0,
          "attributes": {
            "gateway_id": "",
            "id": "rtbassoc-0eace698a30f481b9",
            "region": "ap-south-1",
            "route_table_id": "rtb-05442190cdd61b996",
            "subnet_id": "subnet-03bf5ac3e821ddbc7",
            "timeouts": null
          },
          "sensitive_attributes": [],
          "identity_schema_version": 0,
          "private": "eyJlMmJmYjczMC1lY2FhLTExZTYtOGY4OC0zNDM2M2JjN2M0YzAiOnsiY3JlYXRlIjozMDAwMDAwMDAwMDAsImRlbGV0ZSI6MzAwMDAwMDAwMDAwLCJ1cGRhdGUiOjEyMDAwMDAwMDAwMH19",
          "dependencies": [
            "module.vpc.aws_eip.nat_eip",
            "module.vpc.aws_nat_gateway.nat_gw",
            "module.vpc.aws_route_table.private_rt",
            "module.vpc.aws_subnet.private",
            "module.vpc.aws_subnet.public",
            "module.vpc.aws_vpc.main"
          ]
        },
        {
          "index_key": 1,
          "schema_version": 0,
          "attributes": {
            "gateway_id": "",
            "id": "rtbassoc-0519d0653e1c80d45",
            "region": "ap-south-1",
            "route_table_id": "rtb-05442190cdd61b996",
            "subnet_id": "subnet-09307c91315e563ee",
            "timeouts": null
          },
          "sensitive_attributes": [],
          "identity_schema_version": 0,
          "private": "eyJlMmJmYjczMC1lY2FhLTExZTYtOGY4OC0zNDM2M2JjN2M0YzAiOnsiY3JlYXRlIjozMDAwMDAwMDAwMDAsImRlbGV0ZSI6MzAwMDAwMDAwMDAwLCJ1cGRhdGUiOjEyMDAwMDAwMDAwMH19",
          "dependencies": [
            "module.vpc.aws_eip.nat_eip",
            "module.vpc.aws_nat_gateway.nat_gw",
            "module.vpc.aws_route_table.private_rt",
            "module.vpc.aws_subnet.private",
            "module.vpc.aws_subnet.public",
            "module.vpc.aws_vpc.main"
          ]
        }
      ]
    },
    {
      "module": "module.vpc",
      "mode": "managed",
      "type": "aws_route_table_association",
      "name": "public_assoc",
      "provider": "provider[\"registry.terraform.io/hashicorp/aws\"]",
      "instances": [
        {
          "index_key": 0,
          "schema_version": 0,
          "attributes": {
            "gateway_id": "",
            "id": "rtbassoc-015df1235e96ee2c7",
            "region": "ap-south-1",
            "route_table_id": "rtb-07b0e67af5e8c47c5",
            "subnet_id": "subnet-0ac7d77b7166655cf",
            "timeouts": null
          },
          "sensitive_attributes": [],
          "identity_schema_version": 0,
          "private": "eyJlMmJmYjczMC1lY2FhLTExZTYtOGY4OC0zNDM2M2JjN2M0YzAiOnsiY3JlYXRlIjozMDAwMDAwMDAwMDAsImRlbGV0ZSI6MzAwMDAwMDAwMDAwLCJ1cGRhdGUiOjEyMDAwMDAwMDAwMH19",
          "dependencies": [
            "module.vpc.aws_internet_gateway.igw",
            "module.vpc.aws_route_table.public_rt",
            "module.vpc.aws_subnet.public",
            "module.vpc.aws_vpc.main"
          ]
        },
        {
          "index_key": 1,
          "schema_version": 0,
          "attributes": {
            "gateway_id": "",
            "id": "rtbassoc-0d68c6fefcf52f14a",
            "region": "ap-south-1",
            "route_table_id": "rtb-07b0e67af5e8c47c5",
            "subnet_id": "subnet-0bb92e8de287e51a5",
            "timeouts": null
          },
          "sensitive_attributes": [],
          "identity_schema_version": 0,
          "private": "eyJlMmJmYjczMC1lY2FhLTExZTYtOGY4OC0zNDM2M2JjN2M0YzAiOnsiY3JlYXRlIjozMDAwMDAwMDAwMDAsImRlbGV0ZSI6MzAwMDAwMDAwMDAwLCJ1cGRhdGUiOjEyMDAwMDAwMDAwMH19",
          "dependencies": [
            "module.vpc.aws_internet_gateway.igw",
            "module.vpc.aws_route_table.public_rt",
            "module.vpc.aws_subnet.public",
            "module.vpc.aws_vpc.main"
          ]
        }
      ]
    },
    {
      "module": "module.vpc",
      "mode": "managed",
      "type": "aws_subnet",
      "name": "private",
      "provider": "provider[\"registry.terraform.io/hashicorp/aws\"]",
      "instances": [
        {
          "index_key": 0,
          "schema_version": 1,
          "attributes": {
            "arn": "arn:aws:ec2:ap-south-1:122976268417:subnet/subnet-03bf5ac3e821ddbc7",
            "assign_ipv6_address_on_creation": false,
            "availability_zone": "ap-south-1a",
            "availability_zone_id": "aps1-az1",
            "cidr_block": "10.10.11.0/24",
            "customer_owned_ipv4_pool": "",
            "enable_dns64": false,
            "enable_lni_at_device_index": 0,
            "enable_resource_name_dns_a_record_on_launch": false,
            "enable_resource_name_dns_aaaa_record_on_launch": false,
            "id": "subnet-03bf5ac3e821ddbc7",
            "ipv6_cidr_block": "",
            "ipv6_cidr_block_association_id": "",
            "ipv6_native": false,
            "map_customer_owned_ip_on_launch": false,
            "map_public_ip_on_launch": false,
            "outpost_arn": "",
            "owner_id": "122976268417",
            "private_dns_hostname_type_on_launch": "ip-name",
            "region": "ap-south-1",
            "tags": {
              "Name": "cloudzenia-ecs-private-1"
            },
            "tags_all": {
              "Name": "cloudzenia-ecs-private-1"
            },
            "timeouts": null,
            "vpc_id": "vpc-02b5852877ebe8806"
          },
          "sensitive_attributes": [],
          "identity_schema_version": 0,
          "identity": {
            "account_id": "122976268417",
            "id": "subnet-03bf5ac3e821ddbc7",
            "region": "ap-south-1"
          },
          "private": "eyJlMmJmYjczMC1lY2FhLTExZTYtOGY4OC0zNDM2M2JjN2M0YzAiOnsiY3JlYXRlIjo2MDAwMDAwMDAwMDAsImRlbGV0ZSI6MTIwMDAwMDAwMDAwMH0sInNjaGVtYV92ZXJzaW9uIjoiMSJ9",
          "dependencies": [
            "module.vpc.aws_vpc.main"
          ]
        },
        {
          "index_key": 1,
          "schema_version": 1,
          "attributes": {
            "arn": "arn:aws:ec2:ap-south-1:122976268417:subnet/subnet-09307c91315e563ee",
            "assign_ipv6_address_on_creation": false,
            "availability_zone": "ap-south-1b",
            "availability_zone_id": "aps1-az3",
            "cidr_block": "10.10.12.0/24",
            "customer_owned_ipv4_pool": "",
            "enable_dns64": false,
            "enable_lni_at_device_index": 0,
            "enable_resource_name_dns_a_record_on_launch": false,
            "enable_resource_name_dns_aaaa_record_on_launch": false,
            "id": "subnet-09307c91315e563ee",
            "ipv6_cidr_block": "",
            "ipv6_cidr_block_association_id": "",
            "ipv6_native": false,
            "map_customer_owned_ip_on_launch": false,
            "map_public_ip_on_launch": false,
            "outpost_arn": "",
            "owner_id": "122976268417",
            "private_dns_hostname_type_on_launch": "ip-name",
            "region": "ap-south-1",
            "tags": {
              "Name": "cloudzenia-ecs-private-2"
            },
            "tags_all": {
              "Name": "cloudzenia-ecs-private-2"
            },
            "timeouts": null,
            "vpc_id": "vpc-02b5852877ebe8806"
          },
          "sensitive_attributes": [],
          "identity_schema_version": 0,
          "identity": {
            "account_id": "122976268417",
            "id": "subnet-09307c91315e563ee",
            "region": "ap-south-1"
          },
          "private": "eyJlMmJmYjczMC1lY2FhLTExZTYtOGY4OC0zNDM2M2JjN2M0YzAiOnsiY3JlYXRlIjo2MDAwMDAwMDAwMDAsImRlbGV0ZSI6MTIwMDAwMDAwMDAwMH0sInNjaGVtYV92ZXJzaW9uIjoiMSJ9",
          "dependencies": [
            "module.vpc.aws_vpc.main"
          ]
        }
      ]
    },
    {
      "module": "module.vpc",
      "mode": "managed",
      "type": "aws_subnet",
      "name": "public",
      "provider": "provider[\"registry.terraform.io/hashicorp/aws\"]",
      "instances": [
        {
          "index_key": 0,
          "schema_version": 1,
          "attributes": {
            "arn": "arn:aws:ec2:ap-south-1:122976268417:subnet/subnet-0ac7d77b7166655cf",
            "assign_ipv6_address_on_creation": false,
            "availability_zone": "ap-south-1a",
            "availability_zone_id": "aps1-az1",
            "cidr_block": "10.10.1.0/24",
            "customer_owned_ipv4_pool": "",
            "enable_dns64": false,
            "enable_lni_at_device_index": 0,
            "enable_resource_name_dns_a_record_on_launch": false,
            "enable_resource_name_dns_aaaa_record_on_launch": false,
            "id": "subnet-0ac7d77b7166655cf",
            "ipv6_cidr_block": "",
            "ipv6_cidr_block_association_id": "",
            "ipv6_native": false,
            "map_customer_owned_ip_on_launch": false,
            "map_public_ip_on_launch": true,
            "outpost_arn": "",
            "owner_id": "122976268417",
            "private_dns_hostname_type_on_launch": "ip-name",
            "region": "ap-south-1",
            "tags": {
              "Name": "cloudzenia-ecs-public-1"
            },
            "tags_all": {
              "Name": "cloudzenia-ecs-public-1"
            },
            "timeouts": null,
            "vpc_id": "vpc-02b5852877ebe8806"
          },
          "sensitive_attributes": [],
          "identity_schema_version": 0,
          "identity": {
            "account_id": "122976268417",
            "id": "subnet-0ac7d77b7166655cf",
            "region": "ap-south-1"
          },
          "private": "eyJlMmJmYjczMC1lY2FhLTExZTYtOGY4OC0zNDM2M2JjN2M0YzAiOnsiY3JlYXRlIjo2MDAwMDAwMDAwMDAsImRlbGV0ZSI6MTIwMDAwMDAwMDAwMH0sInNjaGVtYV92ZXJzaW9uIjoiMSJ9",
          "dependencies": [
            "module.vpc.aws_vpc.main"
          ]
        },
        {
          "index_key": 1,
          "schema_version": 1,
          "attributes": {
            "arn": "arn:aws:ec2:ap-south-1:122976268417:subnet/subnet-0bb92e8de287e51a5",
            "assign_ipv6_address_on_creation": false,
            "availability_zone": "ap-south-1b",
            "availability_zone_id": "aps1-az3",
            "cidr_block": "10.10.2.0/24",
            "customer_owned_ipv4_pool": "",
            "enable_dns64": false,
            "enable_lni_at_device_index": 0,
            "enable_resource_name_dns_a_record_on_launch": false,
            "enable_resource_name_dns_aaaa_record_on_launch": false,
            "id": "subnet-0bb92e8de287e51a5",
            "ipv6_cidr_block": "",
            "ipv6_cidr_block_association_id": "",
            "ipv6_native": false,
            "map_customer_owned_ip_on_launch": false,
            "map_public_ip_on_launch": true,
            "outpost_arn": "",
            "owner_id": "122976268417",
            "private_dns_hostname_type_on_launch": "ip-name",
            "region": "ap-south-1",
            "tags": {
              "Name": "cloudzenia-ecs-public-2"
            },
            "tags_all": {
              "Name": "cloudzenia-ecs-public-2"
            },
            "timeouts": null,
            "vpc_id": "vpc-02b5852877ebe8806"
          },
          "sensitive_attributes": [],
          "identity_schema_version": 0,
          "identity": {
            "account_id": "122976268417",
            "id": "subnet-0bb92e8de287e51a5",
            "region": "ap-south-1"
          },
          "private": "eyJlMmJmYjczMC1lY2FhLTExZTYtOGY4OC0zNDM2M2JjN2M0YzAiOnsiY3JlYXRlIjo2MDAwMDAwMDAwMDAsImRlbGV0ZSI6MTIwMDAwMDAwMDAwMH0sInNjaGVtYV92ZXJzaW9uIjoiMSJ9",
          "dependencies": [
            "module.vpc.aws_vpc.main"
          ]
        }
      ]
    },
    {
      "module": "module.vpc",
      "mode": "managed",
      "type": "aws_vpc",
      "name": "main",
      "provider": "provider[\"registry.terraform.io/hashicorp/aws\"]",
      "instances": [
        {
          "schema_version": 1,
          "attributes": {
            "arn": "arn:aws:ec2:ap-south-1:122976268417:vpc/vpc-02b5852877ebe8806",
            "assign_generated_ipv6_cidr_block": false,
            "cidr_block": "10.10.0.0/16",
            "default_network_acl_id": "acl-0ae8910777fe8f082",
            "default_route_table_id": "rtb-03e13abf4067ece9c",
            "default_security_group_id": "sg-060528d2afe38e9dc",
            "dhcp_options_id": "dopt-0d8655d87ac0ffea5",
            "enable_dns_hostnames": true,
            "enable_dns_support": true,
            "enable_network_address_usage_metrics": false,
            "id": "vpc-02b5852877ebe8806",
            "instance_tenancy": "default",
            "ipv4_ipam_pool_id": null,
            "ipv4_netmask_length": null,
            "ipv6_association_id": "",
            "ipv6_cidr_block": "",
            "ipv6_cidr_block_network_border_group": "",
            "ipv6_ipam_pool_id": "",
            "ipv6_netmask_length": 0,
            "main_route_table_id": "rtb-03e13abf4067ece9c",
            "owner_id": "122976268417",
            "region": "ap-south-1",
            "tags": {
              "Name": "cloudzenia-ecs-vpc"
            },
            "tags_all": {
              "Name": "cloudzenia-ecs-vpc"
            }
          },
          "sensitive_attributes": [],
          "identity_schema_version": 0,
          "identity": {
            "account_id": "122976268417",
            "id": "vpc-02b5852877ebe8806",
            "region": "ap-south-1"
          },
          "private": "eyJzY2hlbWFfdmVyc2lvbiI6IjEifQ=="
        }
      ]
    }
  ],
  "check_results": null
}
